// !$*UTF8*$!
{
	archiveVersion = 1;
	classes = {
	};
	objectVersion = 46;
	objects = {

/* Begin PBXBuildFile section */
		520956B21D1B9F1D00FFDE3E /* AppDelegate.swift in Sources */ = {isa = PBXBuildFile; fileRef = 520956B11D1B9F1D00FFDE3E /* AppDelegate.swift */; };
		520956B41D1B9F1D00FFDE3E /* ViewController.swift in Sources */ = {isa = PBXBuildFile; fileRef = 520956B31D1B9F1D00FFDE3E /* ViewController.swift */; };
		520956B71D1B9F1D00FFDE3E /* Main.storyboard in Resources */ = {isa = PBXBuildFile; fileRef = 520956B51D1B9F1D00FFDE3E /* Main.storyboard */; };
		520956B91D1B9F1D00FFDE3E /* Assets.xcassets in Resources */ = {isa = PBXBuildFile; fileRef = 520956B81D1B9F1D00FFDE3E /* Assets.xcassets */; };
		520956BC1D1B9F1D00FFDE3E /* LaunchScreen.storyboard in Resources */ = {isa = PBXBuildFile; fileRef = 520956BA1D1B9F1D00FFDE3E /* LaunchScreen.storyboard */; };
		520956C71D1B9F1D00FFDE3E /* CharadesAndPictionaryTests.swift in Sources */ = {isa = PBXBuildFile; fileRef = 520956C61D1B9F1D00FFDE3E /* CharadesAndPictionaryTests.swift */; };
		520956D21D1B9F1D00FFDE3E /* CharadesAndPictionaryUITests.swift in Sources */ = {isa = PBXBuildFile; fileRef = 520956D11D1B9F1D00FFDE3E /* CharadesAndPictionaryUITests.swift */; };
		5215842D1D2A13AD00F6E503 /* CircularLoaderView.swift in Sources */ = {isa = PBXBuildFile; fileRef = 5215842C1D2A13AD00F6E503 /* CircularLoaderView.swift */; };
		5215842F1D2A182700F6E503 /* CountdownView.swift in Sources */ = {isa = PBXBuildFile; fileRef = 5215842E1D2A182700F6E503 /* CountdownView.swift */; };
		52186C511D2081DA0090872F /* FirebaseModel.swift in Sources */ = {isa = PBXBuildFile; fileRef = 52186C501D2081DA0090872F /* FirebaseModel.swift */; };
		52186C531D2082810090872F /* ModelInterface.swift in Sources */ = {isa = PBXBuildFile; fileRef = 52186C521D2082810090872F /* ModelInterface.swift */; };
		52186C551D20D60E0090872F /* Constants.swift in Sources */ = {isa = PBXBuildFile; fileRef = 52186C541D20D60E0090872F /* Constants.swift */; };
		5227B0581D3596460025DE96 /* StringUtil.swift in Sources */ = {isa = PBXBuildFile; fileRef = 5227B0571D3596460025DE96 /* StringUtil.swift */; };
		526F8C891D1CBE4700EF729C /* GoogleService-Info.plist in Resources */ = {isa = PBXBuildFile; fileRef = 526F8C881D1CBE4700EF729C /* GoogleService-Info.plist */; };
		526F8C931D1D0F7500EF729C /* LobbyViewController.swift in Sources */ = {isa = PBXBuildFile; fileRef = 526F8C921D1D0F7500EF729C /* LobbyViewController.swift */; };
		526F8C951D1DC12700EF729C /* GameViewController.swift in Sources */ = {isa = PBXBuildFile; fileRef = 526F8C941D1DC12700EF729C /* GameViewController.swift */; };
		52724B161D26F7610011DFE3 /* Poppins-Bold.ttf in Resources */ = {isa = PBXBuildFile; fileRef = 52724B111D26F7610011DFE3 /* Poppins-Bold.ttf */; };
		52724B171D26F7610011DFE3 /* Poppins-Light.ttf in Resources */ = {isa = PBXBuildFile; fileRef = 52724B121D26F7610011DFE3 /* Poppins-Light.ttf */; };
		52724B181D26F7610011DFE3 /* Poppins-Medium.ttf in Resources */ = {isa = PBXBuildFile; fileRef = 52724B131D26F7610011DFE3 /* Poppins-Medium.ttf */; };
		52724B191D26F7610011DFE3 /* Poppins-Regular.ttf in Resources */ = {isa = PBXBuildFile; fileRef = 52724B141D26F7610011DFE3 /* Poppins-Regular.ttf */; };
		52724B1A1D26F7610011DFE3 /* Poppins-SemiBold.ttf in Resources */ = {isa = PBXBuildFile; fileRef = 52724B151D26F7610011DFE3 /* Poppins-SemiBold.ttf */; };
		5275952F1D2F2D6C00C92A7D /* CategoryCollectionViewCell.swift in Sources */ = {isa = PBXBuildFile; fileRef = 5275952E1D2F2D6C00C92A7D /* CategoryCollectionViewCell.swift */; };
		527B0F141D34509800D7141F /* SelectListViewController.swift in Sources */ = {isa = PBXBuildFile; fileRef = 527B0F131D34509800D7141F /* SelectListViewController.swift */; };
		527B0F161D34530000D7141F /* ContributorsLabelCollectionViewCell.swift in Sources */ = {isa = PBXBuildFile; fileRef = 527B0F151D34530000D7141F /* ContributorsLabelCollectionViewCell.swift */; };
		528701901D2709A10004BFC0 /* Keyboard.xib in Resources */ = {isa = PBXBuildFile; fileRef = 5287018F1D2709A10004BFC0 /* Keyboard.xib */; };
		529CC9A51D31F94A003D03F8 /* SmallCategoryCollectionViewCell.swift in Sources */ = {isa = PBXBuildFile; fileRef = 529CC9A41D31F94A003D03F8 /* SmallCategoryCollectionViewCell.swift */; };
		529CC9A71D3353C7003D03F8 /* BuildListViewController.swift in Sources */ = {isa = PBXBuildFile; fileRef = 529CC9A61D3353C7003D03F8 /* BuildListViewController.swift */; };
		52E0550C1D46C6E200A39024 /* AvatarUtil.swift in Sources */ = {isa = PBXBuildFile; fileRef = 52E0550B1D46C6E200A39024 /* AvatarUtil.swift */; };
		52ECA3961D305AD2001213EE /* NewListViewController.swift in Sources */ = {isa = PBXBuildFile; fileRef = 52ECA3951D305AD2001213EE /* NewListViewController.swift */; };
		52EF8E981D45C441000B32CB /* AvatarViewController.swift in Sources */ = {isa = PBXBuildFile; fileRef = 52EF8E971D45C441000B32CB /* AvatarViewController.swift */; };
		DF94515D503AC7406C10DF8C /* Pods_CharadesAndPictionary.framework in Frameworks */ = {isa = PBXBuildFile; fileRef = 3744D29742D0512B3BD892AB /* Pods_CharadesAndPictionary.framework */; };
/* End PBXBuildFile section */

/* Begin PBXContainerItemProxy section */
		520956C31D1B9F1D00FFDE3E /* PBXContainerItemProxy */ = {
			isa = PBXContainerItemProxy;
			containerPortal = 520956A61D1B9F1D00FFDE3E /* Project object */;
			proxyType = 1;
			remoteGlobalIDString = 520956AD1D1B9F1D00FFDE3E;
			remoteInfo = CharadesAndPictionary;
		};
		520956CE1D1B9F1D00FFDE3E /* PBXContainerItemProxy */ = {
			isa = PBXContainerItemProxy;
			containerPortal = 520956A61D1B9F1D00FFDE3E /* Project object */;
			proxyType = 1;
			remoteGlobalIDString = 520956AD1D1B9F1D00FFDE3E;
			remoteInfo = CharadesAndPictionary;
		};
/* End PBXContainerItemProxy section */

/* Begin PBXFileReference section */
		052562FA69432AA73A115B53 /* Pods-CharadesAndPictionary.release.xcconfig */ = {isa = PBXFileReference; includeInIndex = 1; lastKnownFileType = text.xcconfig; name = "Pods-CharadesAndPictionary.release.xcconfig"; path = "Pods/Target Support Files/Pods-CharadesAndPictionary/Pods-CharadesAndPictionary.release.xcconfig"; sourceTree = "<group>"; };
		3744D29742D0512B3BD892AB /* Pods_CharadesAndPictionary.framework */ = {isa = PBXFileReference; explicitFileType = wrapper.framework; includeInIndex = 0; path = Pods_CharadesAndPictionary.framework; sourceTree = BUILT_PRODUCTS_DIR; };
		520956AE1D1B9F1D00FFDE3E /* CharadesAndPictionary.app */ = {isa = PBXFileReference; explicitFileType = wrapper.application; includeInIndex = 0; path = CharadesAndPictionary.app; sourceTree = BUILT_PRODUCTS_DIR; };
		520956B11D1B9F1D00FFDE3E /* AppDelegate.swift */ = {isa = PBXFileReference; lastKnownFileType = sourcecode.swift; path = AppDelegate.swift; sourceTree = "<group>"; };
		520956B31D1B9F1D00FFDE3E /* ViewController.swift */ = {isa = PBXFileReference; lastKnownFileType = sourcecode.swift; path = ViewController.swift; sourceTree = "<group>"; };
		520956B61D1B9F1D00FFDE3E /* Base */ = {isa = PBXFileReference; lastKnownFileType = file.storyboard; name = Base; path = Base.lproj/Main.storyboard; sourceTree = "<group>"; };
		520956B81D1B9F1D00FFDE3E /* Assets.xcassets */ = {isa = PBXFileReference; lastKnownFileType = folder.assetcatalog; path = Assets.xcassets; sourceTree = "<group>"; };
		520956BB1D1B9F1D00FFDE3E /* Base */ = {isa = PBXFileReference; lastKnownFileType = file.storyboard; name = Base; path = Base.lproj/LaunchScreen.storyboard; sourceTree = "<group>"; };
		520956BD1D1B9F1D00FFDE3E /* Info.plist */ = {isa = PBXFileReference; lastKnownFileType = text.plist.xml; path = Info.plist; sourceTree = "<group>"; };
		520956C21D1B9F1D00FFDE3E /* CharadesAndPictionaryTests.xctest */ = {isa = PBXFileReference; explicitFileType = wrapper.cfbundle; includeInIndex = 0; path = CharadesAndPictionaryTests.xctest; sourceTree = BUILT_PRODUCTS_DIR; };
		520956C61D1B9F1D00FFDE3E /* CharadesAndPictionaryTests.swift */ = {isa = PBXFileReference; lastKnownFileType = sourcecode.swift; path = CharadesAndPictionaryTests.swift; sourceTree = "<group>"; };
		520956C81D1B9F1D00FFDE3E /* Info.plist */ = {isa = PBXFileReference; lastKnownFileType = text.plist.xml; path = Info.plist; sourceTree = "<group>"; };
		520956CD1D1B9F1D00FFDE3E /* CharadesAndPictionaryUITests.xctest */ = {isa = PBXFileReference; explicitFileType = wrapper.cfbundle; includeInIndex = 0; path = CharadesAndPictionaryUITests.xctest; sourceTree = BUILT_PRODUCTS_DIR; };
		520956D11D1B9F1D00FFDE3E /* CharadesAndPictionaryUITests.swift */ = {isa = PBXFileReference; lastKnownFileType = sourcecode.swift; path = CharadesAndPictionaryUITests.swift; sourceTree = "<group>"; };
		520956D31D1B9F1D00FFDE3E /* Info.plist */ = {isa = PBXFileReference; lastKnownFileType = text.plist.xml; path = Info.plist; sourceTree = "<group>"; };
		5215842C1D2A13AD00F6E503 /* CircularLoaderView.swift */ = {isa = PBXFileReference; fileEncoding = 4; lastKnownFileType = sourcecode.swift; path = CircularLoaderView.swift; sourceTree = "<group>"; };
		5215842E1D2A182700F6E503 /* CountdownView.swift */ = {isa = PBXFileReference; fileEncoding = 4; lastKnownFileType = sourcecode.swift; path = CountdownView.swift; sourceTree = "<group>"; };
		52186C501D2081DA0090872F /* FirebaseModel.swift */ = {isa = PBXFileReference; fileEncoding = 4; lastKnownFileType = sourcecode.swift; path = FirebaseModel.swift; sourceTree = "<group>"; };
		52186C521D2082810090872F /* ModelInterface.swift */ = {isa = PBXFileReference; fileEncoding = 4; lastKnownFileType = sourcecode.swift; path = ModelInterface.swift; sourceTree = "<group>"; };
		52186C541D20D60E0090872F /* Constants.swift */ = {isa = PBXFileReference; fileEncoding = 4; lastKnownFileType = sourcecode.swift; path = Constants.swift; sourceTree = "<group>"; };
		5227B0571D3596460025DE96 /* StringUtil.swift */ = {isa = PBXFileReference; fileEncoding = 4; lastKnownFileType = sourcecode.swift; path = StringUtil.swift; sourceTree = "<group>"; };
		526F8C881D1CBE4700EF729C /* GoogleService-Info.plist */ = {isa = PBXFileReference; fileEncoding = 4; lastKnownFileType = text.plist.xml; path = "GoogleService-Info.plist"; sourceTree = "<group>"; };
		526F8C921D1D0F7500EF729C /* LobbyViewController.swift */ = {isa = PBXFileReference; fileEncoding = 4; lastKnownFileType = sourcecode.swift; path = LobbyViewController.swift; sourceTree = "<group>"; };
		526F8C941D1DC12700EF729C /* GameViewController.swift */ = {isa = PBXFileReference; fileEncoding = 4; lastKnownFileType = sourcecode.swift; path = GameViewController.swift; sourceTree = "<group>"; };
		52724B111D26F7610011DFE3 /* Poppins-Bold.ttf */ = {isa = PBXFileReference; lastKnownFileType = file; path = "Poppins-Bold.ttf"; sourceTree = "<group>"; };
		52724B121D26F7610011DFE3 /* Poppins-Light.ttf */ = {isa = PBXFileReference; lastKnownFileType = file; path = "Poppins-Light.ttf"; sourceTree = "<group>"; };
		52724B131D26F7610011DFE3 /* Poppins-Medium.ttf */ = {isa = PBXFileReference; lastKnownFileType = file; path = "Poppins-Medium.ttf"; sourceTree = "<group>"; };
		52724B141D26F7610011DFE3 /* Poppins-Regular.ttf */ = {isa = PBXFileReference; lastKnownFileType = file; path = "Poppins-Regular.ttf"; sourceTree = "<group>"; };
		52724B151D26F7610011DFE3 /* Poppins-SemiBold.ttf */ = {isa = PBXFileReference; lastKnownFileType = file; path = "Poppins-SemiBold.ttf"; sourceTree = "<group>"; };
		5275952E1D2F2D6C00C92A7D /* CategoryCollectionViewCell.swift */ = {isa = PBXFileReference; fileEncoding = 4; lastKnownFileType = sourcecode.swift; path = CategoryCollectionViewCell.swift; sourceTree = "<group>"; };
		527B0F131D34509800D7141F /* SelectListViewController.swift */ = {isa = PBXFileReference; fileEncoding = 4; lastKnownFileType = sourcecode.swift; path = SelectListViewController.swift; sourceTree = "<group>"; };
		527B0F151D34530000D7141F /* ContributorsLabelCollectionViewCell.swift */ = {isa = PBXFileReference; fileEncoding = 4; lastKnownFileType = sourcecode.swift; path = ContributorsLabelCollectionViewCell.swift; sourceTree = "<group>"; };
		5287018F1D2709A10004BFC0 /* Keyboard.xib */ = {isa = PBXFileReference; fileEncoding = 4; lastKnownFileType = file.xib; path = Keyboard.xib; sourceTree = "<group>"; };
		529CC9A41D31F94A003D03F8 /* SmallCategoryCollectionViewCell.swift */ = {isa = PBXFileReference; fileEncoding = 4; lastKnownFileType = sourcecode.swift; path = SmallCategoryCollectionViewCell.swift; sourceTree = "<group>"; };
		529CC9A61D3353C7003D03F8 /* BuildListViewController.swift */ = {isa = PBXFileReference; fileEncoding = 4; lastKnownFileType = sourcecode.swift; path = BuildListViewController.swift; sourceTree = "<group>"; };
		52E0550B1D46C6E200A39024 /* AvatarUtil.swift */ = {isa = PBXFileReference; fileEncoding = 4; lastKnownFileType = sourcecode.swift; path = AvatarUtil.swift; sourceTree = "<group>"; };
		52ECA3951D305AD2001213EE /* NewListViewController.swift */ = {isa = PBXFileReference; fileEncoding = 4; lastKnownFileType = sourcecode.swift; path = NewListViewController.swift; sourceTree = "<group>"; };
		52EF8E971D45C441000B32CB /* AvatarViewController.swift */ = {isa = PBXFileReference; fileEncoding = 4; lastKnownFileType = sourcecode.swift; path = AvatarViewController.swift; sourceTree = "<group>"; };
		8FB9DB8FC381DADDD73BB883 /* Pods-CharadesAndPictionary.debug.xcconfig */ = {isa = PBXFileReference; includeInIndex = 1; lastKnownFileType = text.xcconfig; name = "Pods-CharadesAndPictionary.debug.xcconfig"; path = "Pods/Target Support Files/Pods-CharadesAndPictionary/Pods-CharadesAndPictionary.debug.xcconfig"; sourceTree = "<group>"; };
/* End PBXFileReference section */

/* Begin PBXFrameworksBuildPhase section */
		520956AB1D1B9F1D00FFDE3E /* Frameworks */ = {
			isa = PBXFrameworksBuildPhase;
			buildActionMask = 2147483647;
			files = (
				DF94515D503AC7406C10DF8C /* Pods_CharadesAndPictionary.framework in Frameworks */,
			);
			runOnlyForDeploymentPostprocessing = 0;
		};
		520956BF1D1B9F1D00FFDE3E /* Frameworks */ = {
			isa = PBXFrameworksBuildPhase;
			buildActionMask = 2147483647;
			files = (
			);
			runOnlyForDeploymentPostprocessing = 0;
		};
		520956CA1D1B9F1D00FFDE3E /* Frameworks */ = {
			isa = PBXFrameworksBuildPhase;
			buildActionMask = 2147483647;
			files = (
			);
			runOnlyForDeploymentPostprocessing = 0;
		};
/* End PBXFrameworksBuildPhase section */

/* Begin PBXGroup section */
		4AA2557FB7E18DB3E1608668 /* Frameworks */ = {
			isa = PBXGroup;
			children = (
				3744D29742D0512B3BD892AB /* Pods_CharadesAndPictionary.framework */,
			);
			name = Frameworks;
			sourceTree = "<group>";
		};
		520956A51D1B9F1D00FFDE3E = {
			isa = PBXGroup;
			children = (
				520956B01D1B9F1D00FFDE3E /* CharadesAndPictionary */,
				520956C51D1B9F1D00FFDE3E /* CharadesAndPictionaryTests */,
				520956D01D1B9F1D00FFDE3E /* CharadesAndPictionaryUITests */,
				520956AF1D1B9F1D00FFDE3E /* Products */,
				6B6EFB9FC24FDC062A5C81AA /* Pods */,
				4AA2557FB7E18DB3E1608668 /* Frameworks */,
			);
			sourceTree = "<group>";
		};
		520956AF1D1B9F1D00FFDE3E /* Products */ = {
			isa = PBXGroup;
			children = (
				520956AE1D1B9F1D00FFDE3E /* CharadesAndPictionary.app */,
				520956C21D1B9F1D00FFDE3E /* CharadesAndPictionaryTests.xctest */,
				520956CD1D1B9F1D00FFDE3E /* CharadesAndPictionaryUITests.xctest */,
			);
			name = Products;
			sourceTree = "<group>";
		};
		520956B01D1B9F1D00FFDE3E /* CharadesAndPictionary */ = {
			isa = PBXGroup;
			children = (
				5275952E1D2F2D6C00C92A7D /* CategoryCollectionViewCell.swift */,
				529CC9A41D31F94A003D03F8 /* SmallCategoryCollectionViewCell.swift */,
				520956B11D1B9F1D00FFDE3E /* AppDelegate.swift */,
				526F8C921D1D0F7500EF729C /* LobbyViewController.swift */,
				520956B31D1B9F1D00FFDE3E /* ViewController.swift */,
				52186C541D20D60E0090872F /* Constants.swift */,
				5227B0571D3596460025DE96 /* StringUtil.swift */,
				52E0550B1D46C6E200A39024 /* AvatarUtil.swift */,
				52186C501D2081DA0090872F /* FirebaseModel.swift */,
				52186C521D2082810090872F /* ModelInterface.swift */,
				520956B51D1B9F1D00FFDE3E /* Main.storyboard */,
				527B0F131D34509800D7141F /* SelectListViewController.swift */,
				52EF8E971D45C441000B32CB /* AvatarViewController.swift */,
				52ECA3951D305AD2001213EE /* NewListViewController.swift */,
				529CC9A61D3353C7003D03F8 /* BuildListViewController.swift */,
				527B0F151D34530000D7141F /* ContributorsLabelCollectionViewCell.swift */,
				5215842E1D2A182700F6E503 /* CountdownView.swift */,
				5287018F1D2709A10004BFC0 /* Keyboard.xib */,
				526F8C941D1DC12700EF729C /* GameViewController.swift */,
				520956B81D1B9F1D00FFDE3E /* Assets.xcassets */,
				5215842C1D2A13AD00F6E503 /* CircularLoaderView.swift */,
				520956BA1D1B9F1D00FFDE3E /* LaunchScreen.storyboard */,
				520956BD1D1B9F1D00FFDE3E /* Info.plist */,
				526F8C881D1CBE4700EF729C /* GoogleService-Info.plist */,
				52724B111D26F7610011DFE3 /* Poppins-Bold.ttf */,
				52724B121D26F7610011DFE3 /* Poppins-Light.ttf */,
				52724B131D26F7610011DFE3 /* Poppins-Medium.ttf */,
				52724B141D26F7610011DFE3 /* Poppins-Regular.ttf */,
				52724B151D26F7610011DFE3 /* Poppins-SemiBold.ttf */,
			);
			path = CharadesAndPictionary;
			sourceTree = "<group>";
		};
		520956C51D1B9F1D00FFDE3E /* CharadesAndPictionaryTests */ = {
			isa = PBXGroup;
			children = (
				520956C61D1B9F1D00FFDE3E /* CharadesAndPictionaryTests.swift */,
				520956C81D1B9F1D00FFDE3E /* Info.plist */,
			);
			path = CharadesAndPictionaryTests;
			sourceTree = "<group>";
		};
		520956D01D1B9F1D00FFDE3E /* CharadesAndPictionaryUITests */ = {
			isa = PBXGroup;
			children = (
				520956D11D1B9F1D00FFDE3E /* CharadesAndPictionaryUITests.swift */,
				520956D31D1B9F1D00FFDE3E /* Info.plist */,
			);
			path = CharadesAndPictionaryUITests;
			sourceTree = "<group>";
		};
		6B6EFB9FC24FDC062A5C81AA /* Pods */ = {
			isa = PBXGroup;
			children = (
				8FB9DB8FC381DADDD73BB883 /* Pods-CharadesAndPictionary.debug.xcconfig */,
				052562FA69432AA73A115B53 /* Pods-CharadesAndPictionary.release.xcconfig */,
			);
			name = Pods;
			sourceTree = "<group>";
		};
/* End PBXGroup section */

/* Begin PBXNativeTarget section */
		520956AD1D1B9F1D00FFDE3E /* CharadesAndPictionary */ = {
			isa = PBXNativeTarget;
			buildConfigurationList = 520956D61D1B9F1D00FFDE3E /* Build configuration list for PBXNativeTarget "CharadesAndPictionary" */;
			buildPhases = (
				0C8EFA29C144AD9C362B1963 /* Check Pods Manifest.lock */,
				520956AA1D1B9F1D00FFDE3E /* Sources */,
				520956AB1D1B9F1D00FFDE3E /* Frameworks */,
				520956AC1D1B9F1D00FFDE3E /* Resources */,
				91E9457F745F4DEC8914ACBF /* Embed Pods Frameworks */,
				17E56C071AFAD06F2567219D /* Copy Pods Resources */,
			);
			buildRules = (
			);
			dependencies = (
			);
			name = CharadesAndPictionary;
			productName = CharadesAndPictionary;
			productReference = 520956AE1D1B9F1D00FFDE3E /* CharadesAndPictionary.app */;
			productType = "com.apple.product-type.application";
		};
		520956C11D1B9F1D00FFDE3E /* CharadesAndPictionaryTests */ = {
			isa = PBXNativeTarget;
			buildConfigurationList = 520956D91D1B9F1D00FFDE3E /* Build configuration list for PBXNativeTarget "CharadesAndPictionaryTests" */;
			buildPhases = (
				520956BE1D1B9F1D00FFDE3E /* Sources */,
				520956BF1D1B9F1D00FFDE3E /* Frameworks */,
				520956C01D1B9F1D00FFDE3E /* Resources */,
			);
			buildRules = (
			);
			dependencies = (
				520956C41D1B9F1D00FFDE3E /* PBXTargetDependency */,
			);
			name = CharadesAndPictionaryTests;
			productName = CharadesAndPictionaryTests;
			productReference = 520956C21D1B9F1D00FFDE3E /* CharadesAndPictionaryTests.xctest */;
			productType = "com.apple.product-type.bundle.unit-test";
		};
		520956CC1D1B9F1D00FFDE3E /* CharadesAndPictionaryUITests */ = {
			isa = PBXNativeTarget;
			buildConfigurationList = 520956DC1D1B9F1D00FFDE3E /* Build configuration list for PBXNativeTarget "CharadesAndPictionaryUITests" */;
			buildPhases = (
				520956C91D1B9F1D00FFDE3E /* Sources */,
				520956CA1D1B9F1D00FFDE3E /* Frameworks */,
				520956CB1D1B9F1D00FFDE3E /* Resources */,
			);
			buildRules = (
			);
			dependencies = (
				520956CF1D1B9F1D00FFDE3E /* PBXTargetDependency */,
			);
			name = CharadesAndPictionaryUITests;
			productName = CharadesAndPictionaryUITests;
			productReference = 520956CD1D1B9F1D00FFDE3E /* CharadesAndPictionaryUITests.xctest */;
			productType = "com.apple.product-type.bundle.ui-testing";
		};
/* End PBXNativeTarget section */

/* Begin PBXProject section */
		520956A61D1B9F1D00FFDE3E /* Project object */ = {
			isa = PBXProject;
			attributes = {
				LastSwiftUpdateCheck = 0730;
				LastUpgradeCheck = 0730;
				ORGANIZATIONNAME = "Milton Leung";
				TargetAttributes = {
					520956AD1D1B9F1D00FFDE3E = {
						CreatedOnToolsVersion = 7.3;
						DevelopmentTeam = AX2D84BZ47;
					};
					520956C11D1B9F1D00FFDE3E = {
						CreatedOnToolsVersion = 7.3;
						TestTargetID = 520956AD1D1B9F1D00FFDE3E;
					};
					520956CC1D1B9F1D00FFDE3E = {
						CreatedOnToolsVersion = 7.3;
						TestTargetID = 520956AD1D1B9F1D00FFDE3E;
					};
				};
			};
			buildConfigurationList = 520956A91D1B9F1D00FFDE3E /* Build configuration list for PBXProject "CharadesAndPictionary" */;
			compatibilityVersion = "Xcode 3.2";
			developmentRegion = English;
			hasScannedForEncodings = 0;
			knownRegions = (
				en,
				Base,
			);
			mainGroup = 520956A51D1B9F1D00FFDE3E;
			productRefGroup = 520956AF1D1B9F1D00FFDE3E /* Products */;
			projectDirPath = "";
			projectRoot = "";
			targets = (
				520956AD1D1B9F1D00FFDE3E /* CharadesAndPictionary */,
				520956C11D1B9F1D00FFDE3E /* CharadesAndPictionaryTests */,
				520956CC1D1B9F1D00FFDE3E /* CharadesAndPictionaryUITests */,
			);
		};
/* End PBXProject section */

/* Begin PBXResourcesBuildPhase section */
		520956AC1D1B9F1D00FFDE3E /* Resources */ = {
			isa = PBXResourcesBuildPhase;
			buildActionMask = 2147483647;
			files = (
				526F8C891D1CBE4700EF729C /* GoogleService-Info.plist in Resources */,
				52724B181D26F7610011DFE3 /* Poppins-Medium.ttf in Resources */,
				528701901D2709A10004BFC0 /* Keyboard.xib in Resources */,
				52724B171D26F7610011DFE3 /* Poppins-Light.ttf in Resources */,
				520956BC1D1B9F1D00FFDE3E /* LaunchScreen.storyboard in Resources */,
				52724B161D26F7610011DFE3 /* Poppins-Bold.ttf in Resources */,
				520956B91D1B9F1D00FFDE3E /* Assets.xcassets in Resources */,
				52724B1A1D26F7610011DFE3 /* Poppins-SemiBold.ttf in Resources */,
				520956B71D1B9F1D00FFDE3E /* Main.storyboard in Resources */,
				52724B191D26F7610011DFE3 /* Poppins-Regular.ttf in Resources */,
			);
			runOnlyForDeploymentPostprocessing = 0;
		};
		520956C01D1B9F1D00FFDE3E /* Resources */ = {
			isa = PBXResourcesBuildPhase;
			buildActionMask = 2147483647;
			files = (
			);
			runOnlyForDeploymentPostprocessing = 0;
		};
		520956CB1D1B9F1D00FFDE3E /* Resources */ = {
			isa = PBXResourcesBuildPhase;
			buildActionMask = 2147483647;
			files = (
			);
			runOnlyForDeploymentPostprocessing = 0;
		};
/* End PBXResourcesBuildPhase section */

/* Begin PBXShellScriptBuildPhase section */
		0C8EFA29C144AD9C362B1963 /* Check Pods Manifest.lock */ = {
			isa = PBXShellScriptBuildPhase;
			buildActionMask = 2147483647;
			files = (
			);
			inputPaths = (
			);
			name = "Check Pods Manifest.lock";
			outputPaths = (
			);
			runOnlyForDeploymentPostprocessing = 0;
			shellPath = /bin/sh;
			shellScript = "diff \"${PODS_ROOT}/../Podfile.lock\" \"${PODS_ROOT}/Manifest.lock\" > /dev/null\nif [[ $? != 0 ]] ; then\n    cat << EOM\nerror: The sandbox is not in sync with the Podfile.lock. Run 'pod install' or update your CocoaPods installation.\nEOM\n    exit 1\nfi\n";
			showEnvVarsInLog = 0;
		};
		17E56C071AFAD06F2567219D /* Copy Pods Resources */ = {
			isa = PBXShellScriptBuildPhase;
			buildActionMask = 2147483647;
			files = (
			);
			inputPaths = (
			);
			name = "Copy Pods Resources";
			outputPaths = (
			);
			runOnlyForDeploymentPostprocessing = 0;
			shellPath = /bin/sh;
			shellScript = "\"${SRCROOT}/Pods/Target Support Files/Pods-CharadesAndPictionary/Pods-CharadesAndPictionary-resources.sh\"\n";
			showEnvVarsInLog = 0;
		};
		91E9457F745F4DEC8914ACBF /* Embed Pods Frameworks */ = {
			isa = PBXShellScriptBuildPhase;
			buildActionMask = 2147483647;
			files = (
			);
			inputPaths = (
			);
			name = "Embed Pods Frameworks";
			outputPaths = (
			);
			runOnlyForDeploymentPostprocessing = 0;
			shellPath = /bin/sh;
			shellScript = "\"${SRCROOT}/Pods/Target Support Files/Pods-CharadesAndPictionary/Pods-CharadesAndPictionary-frameworks.sh\"\n";
			showEnvVarsInLog = 0;
		};
/* End PBXShellScriptBuildPhase section */

/* Begin PBXSourcesBuildPhase section */
		520956AA1D1B9F1D00FFDE3E /* Sources */ = {
			isa = PBXSourcesBuildPhase;
			buildActionMask = 2147483647;
			files = (
				5227B0581D3596460025DE96 /* StringUtil.swift in Sources */,
				52ECA3961D305AD2001213EE /* NewListViewController.swift in Sources */,
				5215842F1D2A182700F6E503 /* CountdownView.swift in Sources */,
				526F8C951D1DC12700EF729C /* GameViewController.swift in Sources */,
				52E0550C1D46C6E200A39024 /* AvatarUtil.swift in Sources */,
				52186C551D20D60E0090872F /* Constants.swift in Sources */,
				5215842D1D2A13AD00F6E503 /* CircularLoaderView.swift in Sources */,
				527B0F161D34530000D7141F /* ContributorsLabelCollectionViewCell.swift in Sources */,
				520956B41D1B9F1D00FFDE3E /* ViewController.swift in Sources */,
				520956B21D1B9F1D00FFDE3E /* AppDelegate.swift in Sources */,
				529CC9A71D3353C7003D03F8 /* BuildListViewController.swift in Sources */,
				527B0F141D34509800D7141F /* SelectListViewController.swift in Sources */,
				5275952F1D2F2D6C00C92A7D /* CategoryCollectionViewCell.swift in Sources */,
				52EF8E981D45C441000B32CB /* AvatarViewController.swift in Sources */,
				526F8C931D1D0F7500EF729C /* LobbyViewController.swift in Sources */,
				52186C511D2081DA0090872F /* FirebaseModel.swift in Sources */,
				529CC9A51D31F94A003D03F8 /* SmallCategoryCollectionViewCell.swift in Sources */,
				52186C531D2082810090872F /* ModelInterface.swift in Sources */,
			);
			runOnlyForDeploymentPostprocessing = 0;
		};
		520956BE1D1B9F1D00FFDE3E /* Sources */ = {
			isa = PBXSourcesBuildPhase;
			buildActionMask = 2147483647;
			files = (
				520956C71D1B9F1D00FFDE3E /* CharadesAndPictionaryTests.swift in Sources */,
			);
			runOnlyForDeploymentPostprocessing = 0;
		};
		520956C91D1B9F1D00FFDE3E /* Sources */ = {
			isa = PBXSourcesBuildPhase;
			buildActionMask = 2147483647;
			files = (
				520956D21D1B9F1D00FFDE3E /* CharadesAndPictionaryUITests.swift in Sources */,
			);
			runOnlyForDeploymentPostprocessing = 0;
		};
/* End PBXSourcesBuildPhase section */

/* Begin PBXTargetDependency section */
		520956C41D1B9F1D00FFDE3E /* PBXTargetDependency */ = {
			isa = PBXTargetDependency;
			target = 520956AD1D1B9F1D00FFDE3E /* CharadesAndPictionary */;
			targetProxy = 520956C31D1B9F1D00FFDE3E /* PBXContainerItemProxy */;
		};
		520956CF1D1B9F1D00FFDE3E /* PBXTargetDependency */ = {
			isa = PBXTargetDependency;
			target = 520956AD1D1B9F1D00FFDE3E /* CharadesAndPictionary */;
			targetProxy = 520956CE1D1B9F1D00FFDE3E /* PBXContainerItemProxy */;
		};
/* End PBXTargetDependency section */

/* Begin PBXVariantGroup section */
		520956B51D1B9F1D00FFDE3E /* Main.storyboard */ = {
			isa = PBXVariantGroup;
			children = (
				520956B61D1B9F1D00FFDE3E /* Base */,
			);
			name = Main.storyboard;
			sourceTree = "<group>";
		};
		520956BA1D1B9F1D00FFDE3E /* LaunchScreen.storyboard */ = {
			isa = PBXVariantGroup;
			children = (
				520956BB1D1B9F1D00FFDE3E /* Base */,
			);
			name = LaunchScreen.storyboard;
			sourceTree = "<group>";
		};
/* End PBXVariantGroup section */

/* Begin XCBuildConfiguration section */
		520956D41D1B9F1D00FFDE3E /* Debug */ = {
			isa = XCBuildConfiguration;
			buildSettings = {
				ALWAYS_SEARCH_USER_PATHS = NO;
				CLANG_ANALYZER_NONNULL = YES;
				CLANG_CXX_LANGUAGE_STANDARD = "gnu++0x";
				CLANG_CXX_LIBRARY = "libc++";
				CLANG_ENABLE_MODULES = YES;
				CLANG_ENABLE_OBJC_ARC = YES;
				CLANG_WARN_BOOL_CONVERSION = YES;
				CLANG_WARN_CONSTANT_CONVERSION = YES;
				CLANG_WARN_DIRECT_OBJC_ISA_USAGE = YES_ERROR;
				CLANG_WARN_EMPTY_BODY = YES;
				CLANG_WARN_ENUM_CONVERSION = YES;
				CLANG_WARN_INT_CONVERSION = YES;
				CLANG_WARN_OBJC_ROOT_CLASS = YES_ERROR;
				CLANG_WARN_UNREACHABLE_CODE = YES;
				CLANG_WARN__DUPLICATE_METHOD_MATCH = YES;
				"CODE_SIGN_IDENTITY[sdk=iphoneos*]" = "iPhone Developer";
				COPY_PHASE_STRIP = NO;
				DEBUG_INFORMATION_FORMAT = dwarf;
				ENABLE_STRICT_OBJC_MSGSEND = YES;
				ENABLE_TESTABILITY = YES;
				GCC_C_LANGUAGE_STANDARD = gnu99;
				GCC_DYNAMIC_NO_PIC = NO;
				GCC_NO_COMMON_BLOCKS = YES;
				GCC_OPTIMIZATION_LEVEL = 0;
				GCC_PREPROCESSOR_DEFINITIONS = (
					"DEBUG=1",
					"$(inherited)",
				);
				GCC_WARN_64_TO_32_BIT_CONVERSION = YES;
				GCC_WARN_ABOUT_RETURN_TYPE = YES_ERROR;
				GCC_WARN_UNDECLARED_SELECTOR = YES;
				GCC_WARN_UNINITIALIZED_AUTOS = YES_AGGRESSIVE;
				GCC_WARN_UNUSED_FUNCTION = YES;
				GCC_WARN_UNUSED_VARIABLE = YES;
				IPHONEOS_DEPLOYMENT_TARGET = 9.3;
				MTL_ENABLE_DEBUG_INFO = YES;
				ONLY_ACTIVE_ARCH = YES;
				SDKROOT = iphoneos;
				SWIFT_OPTIMIZATION_LEVEL = "-Onone";
			};
			name = Debug;
		};
		520956D51D1B9F1D00FFDE3E /* Release */ = {
			isa = XCBuildConfiguration;
			buildSettings = {
				ALWAYS_SEARCH_USER_PATHS = NO;
				CLANG_ANALYZER_NONNULL = YES;
				CLANG_CXX_LANGUAGE_STANDARD = "gnu++0x";
				CLANG_CXX_LIBRARY = "libc++";
				CLANG_ENABLE_MODULES = YES;
				CLANG_ENABLE_OBJC_ARC = YES;
				CLANG_WARN_BOOL_CONVERSION = YES;
				CLANG_WARN_CONSTANT_CONVERSION = YES;
				CLANG_WARN_DIRECT_OBJC_ISA_USAGE = YES_ERROR;
				CLANG_WARN_EMPTY_BODY = YES;
				CLANG_WARN_ENUM_CONVERSION = YES;
				CLANG_WARN_INT_CONVERSION = YES;
				CLANG_WARN_OBJC_ROOT_CLASS = YES_ERROR;
				CLANG_WARN_UNREACHABLE_CODE = YES;
				CLANG_WARN__DUPLICATE_METHOD_MATCH = YES;
				"CODE_SIGN_IDENTITY[sdk=iphoneos*]" = "iPhone Developer";
				COPY_PHASE_STRIP = NO;
				DEBUG_INFORMATION_FORMAT = "dwarf-with-dsym";
				ENABLE_NS_ASSERTIONS = NO;
				ENABLE_STRICT_OBJC_MSGSEND = YES;
				GCC_C_LANGUAGE_STANDARD = gnu99;
				GCC_NO_COMMON_BLOCKS = YES;
				GCC_WARN_64_TO_32_BIT_CONVERSION = YES;
				GCC_WARN_ABOUT_RETURN_TYPE = YES_ERROR;
				GCC_WARN_UNDECLARED_SELECTOR = YES;
				GCC_WARN_UNINITIALIZED_AUTOS = YES_AGGRESSIVE;
				GCC_WARN_UNUSED_FUNCTION = YES;
				GCC_WARN_UNUSED_VARIABLE = YES;
				IPHONEOS_DEPLOYMENT_TARGET = 9.3;
				MTL_ENABLE_DEBUG_INFO = NO;
				SDKROOT = iphoneos;
				VALIDATE_PRODUCT = YES;
			};
			name = Release;
		};
		520956D71D1B9F1D00FFDE3E /* Debug */ = {
			isa = XCBuildConfiguration;
			baseConfigurationReference = 8FB9DB8FC381DADDD73BB883 /* Pods-CharadesAndPictionary.debug.xcconfig */;
			buildSettings = {
				ASSETCATALOG_COMPILER_APPICON_NAME = AppIcon;
				CODE_SIGN_IDENTITY = "iPhone Developer";
				"CODE_SIGN_IDENTITY[sdk=iphoneos*]" = "iPhone Developer";
				INFOPLIST_FILE = CharadesAndPictionary/Info.plist;
				LD_RUNPATH_SEARCH_PATHS = "$(inherited) @executable_path/Frameworks";
				PRODUCT_BUNDLE_IDENTIFIER = milton.CharadesAndPictionary;
				PRODUCT_NAME = "$(TARGET_NAME)";
				PROVISIONING_PROFILE = "";
				TARGETED_DEVICE_FAMILY = 1;
			};
			name = Debug;
		};
		520956D81D1B9F1D00FFDE3E /* Release */ = {
			isa = XCBuildConfiguration;
			baseConfigurationReference = 052562FA69432AA73A115B53 /* Pods-CharadesAndPictionary.release.xcconfig */;
			buildSettings = {
				ASSETCATALOG_COMPILER_APPICON_NAME = AppIcon;
				CODE_SIGN_IDENTITY = "iPhone Developer";
				"CODE_SIGN_IDENTITY[sdk=iphoneos*]" = "iPhone Developer";
				INFOPLIST_FILE = CharadesAndPictionary/Info.plist;
				LD_RUNPATH_SEARCH_PATHS = "$(inherited) @executable_path/Frameworks";
				PRODUCT_BUNDLE_IDENTIFIER = milton.CharadesAndPictionary;
				PRODUCT_NAME = "$(TARGET_NAME)";
				PROVISIONING_PROFILE = "";
				TARGETED_DEVICE_FAMILY = 1;
			};
			name = Release;
		};
		520956DA1D1B9F1D00FFDE3E /* Debug */ = {
			isa = XCBuildConfiguration;
			buildSettings = {
				BUNDLE_LOADER = "$(TEST_HOST)";
				INFOPLIST_FILE = CharadesAndPictionaryTests/Info.plist;
				LD_RUNPATH_SEARCH_PATHS = "$(inherited) @executable_path/Frameworks @loader_path/Frameworks";
				PRODUCT_BUNDLE_IDENTIFIER = milton.CharadesAndPictionaryTests;
				PRODUCT_NAME = "$(TARGET_NAME)";
				TEST_HOST = "$(BUILT_PRODUCTS_DIR)/CharadesAndPictionary.app/CharadesAndPictionary";
			};
			name = Debug;
		};
		520956DB1D1B9F1D00FFDE3E /* Release */ = {
			isa = XCBuildConfiguration;
			buildSettings = {
				BUNDLE_LOADER = "$(TEST_HOST)";
				INFOPLIST_FILE = CharadesAndPictionaryTests/Info.plist;
				LD_RUNPATH_SEARCH_PATHS = "$(inherited) @executable_path/Frameworks @loader_path/Frameworks";
				PRODUCT_BUNDLE_IDENTIFIER = milton.CharadesAndPictionaryTests;
				PRODUCT_NAME = "$(TARGET_NAME)";
				TEST_HOST = "$(BUILT_PRODUCTS_DIR)/CharadesAndPictionary.app/CharadesAndPictionary";
			};
			name = Release;
		};
		520956DD1D1B9F1D00FFDE3E /* Debug */ = {
			isa = XCBuildConfiguration;
			buildSettings = {
				INFOPLIST_FILE = CharadesAndPictionaryUITests/Info.plist;
				LD_RUNPATH_SEARCH_PATHS = "$(inherited) @executable_path/Frameworks @loader_path/Frameworks";
				PRODUCT_BUNDLE_IDENTIFIER = milton.CharadesAndPictionaryUITests;
				PRODUCT_NAME = "$(TARGET_NAME)";
				TEST_TARGET_NAME = CharadesAndPictionary;
			};
			name = Debug;
		};
		520956DE1D1B9F1D00FFDE3E /* Release */ = {
			isa = XCBuildConfiguration;
			buildSettings = {
				INFOPLIST_FILE = CharadesAndPictionaryUITests/Info.plist;
				LD_RUNPATH_SEARCH_PATHS = "$(inherited) @executable_path/Frameworks @loader_path/Frameworks";
				PRODUCT_BUNDLE_IDENTIFIER = milton.CharadesAndPictionaryUITests;
				PRODUCT_NAME = "$(TARGET_NAME)";
				TEST_TARGET_NAME = CharadesAndPictionary;
			};
			name = Release;
		};
/* End XCBuildConfiguration section */

/* Begin XCConfigurationList section */
		520956A91D1B9F1D00FFDE3E /* Build configuration list for PBXProject "CharadesAndPictionary" */ = {
			isa = XCConfigurationList;
			buildConfigurations = (
				520956D41D1B9F1D00FFDE3E /* Debug */,
				520956D51D1B9F1D00FFDE3E /* Release */,
			);
			defaultConfigurationIsVisible = 0;
			defaultConfigurationName = Release;
		};
		520956D61D1B9F1D00FFDE3E /* Build configuration list for PBXNativeTarget "CharadesAndPictionary" */ = {
			isa = XCConfigurationList;
			buildConfigurations = (
				520956D71D1B9F1D00FFDE3E /* Debug */,
				520956D81D1B9F1D00FFDE3E /* Release */,
			);
			defaultConfigurationIsVisible = 0;
			defaultConfigurationName = Release;
		};
		520956D91D1B9F1D00FFDE3E /* Build configuration list for PBXNativeTarget "CharadesAndPictionaryTests" */ = {
			isa = XCConfigurationList;
			buildConfigurations = (
				520956DA1D1B9F1D00FFDE3E /* Debug */,
				520956DB1D1B9F1D00FFDE3E /* Release */,
			);
			defaultConfigurationIsVisible = 0;
			defaultConfigurationName = Release;
		};
		520956DC1D1B9F1D00FFDE3E /* Build configuration list for PBXNativeTarget "CharadesAndPictionaryUITests" */ = {
			isa = XCConfigurationList;
			buildConfigurations = (
				520956DD1D1B9F1D00FFDE3E /* Debug */,
				520956DE1D1B9F1D00FFDE3E /* Release */,
			);
			defaultConfigurationIsVisible = 0;
			defaultConfigurationName = Release;
		};
/* End XCConfigurationList section */
	};
	rootObject = 520956A61D1B9F1D00FFDE3E /* Project object */;
}
