<?xml version="1.0" encoding="UTF-8"?>
<!DOCTYPE plist PUBLIC "-//Apple//DTD PLIST 1.0//EN" "http://www.apple.com/DTDs/PropertyList-1.0.dtd">
<plist version="1.0">
<dict>
	<key>archiveVersion</key>
	<string>1</string>
	<key>classes</key>
	<dict/>
	<key>objectVersion</key>
	<string>46</string>
	<key>objects</key>
	<dict>
		<key>520956A51D1B9F1D00FFDE3E</key>
		<dict>
			<key>children</key>
			<array>
				<string>520956B01D1B9F1D00FFDE3E</string>
				<string>520956C51D1B9F1D00FFDE3E</string>
				<string>520956D01D1B9F1D00FFDE3E</string>
				<string>520956AF1D1B9F1D00FFDE3E</string>
				<string>95B1979C179291B41E0C4ED7</string>
				<string>FC4913208531374A01C96B2D</string>
			</array>
			<key>isa</key>
			<string>PBXGroup</string>
			<key>sourceTree</key>
			<string>&lt;group&gt;</string>
		</dict>
		<key>520956A61D1B9F1D00FFDE3E</key>
		<dict>
			<key>attributes</key>
			<dict>
				<key>LastSwiftUpdateCheck</key>
				<string>0730</string>
				<key>LastUpgradeCheck</key>
				<string>0730</string>
				<key>ORGANIZATIONNAME</key>
				<string>Milton Leung</string>
				<key>TargetAttributes</key>
				<dict>
					<key>520956AD1D1B9F1D00FFDE3E</key>
					<dict>
						<key>CreatedOnToolsVersion</key>
						<string>7.3</string>
						<key>DevelopmentTeam</key>
						<string>AX2D84BZ47</string>
					</dict>
					<key>520956C11D1B9F1D00FFDE3E</key>
					<dict>
						<key>CreatedOnToolsVersion</key>
						<string>7.3</string>
						<key>TestTargetID</key>
						<string>520956AD1D1B9F1D00FFDE3E</string>
					</dict>
					<key>520956CC1D1B9F1D00FFDE3E</key>
					<dict>
						<key>CreatedOnToolsVersion</key>
						<string>7.3</string>
						<key>TestTargetID</key>
						<string>520956AD1D1B9F1D00FFDE3E</string>
					</dict>
				</dict>
			</dict>
			<key>buildConfigurationList</key>
			<string>520956A91D1B9F1D00FFDE3E</string>
			<key>compatibilityVersion</key>
			<string>Xcode 3.2</string>
			<key>developmentRegion</key>
			<string>English</string>
			<key>hasScannedForEncodings</key>
			<string>0</string>
			<key>isa</key>
			<string>PBXProject</string>
			<key>knownRegions</key>
			<array>
				<string>en</string>
				<string>Base</string>
			</array>
			<key>mainGroup</key>
			<string>520956A51D1B9F1D00FFDE3E</string>
			<key>productRefGroup</key>
			<string>520956AF1D1B9F1D00FFDE3E</string>
			<key>projectDirPath</key>
			<string></string>
			<key>projectReferences</key>
			<array/>
			<key>projectRoot</key>
			<string></string>
			<key>targets</key>
			<array>
				<string>520956AD1D1B9F1D00FFDE3E</string>
				<string>520956C11D1B9F1D00FFDE3E</string>
				<string>520956CC1D1B9F1D00FFDE3E</string>
			</array>
		</dict>
		<key>520956A91D1B9F1D00FFDE3E</key>
		<dict>
			<key>buildConfigurations</key>
			<array>
				<string>520956D41D1B9F1D00FFDE3E</string>
				<string>520956D51D1B9F1D00FFDE3E</string>
			</array>
			<key>defaultConfigurationIsVisible</key>
			<string>0</string>
			<key>defaultConfigurationName</key>
			<string>Release</string>
			<key>isa</key>
			<string>XCConfigurationList</string>
		</dict>
		<key>520956AA1D1B9F1D00FFDE3E</key>
		<dict>
			<key>buildActionMask</key>
			<string>2147483647</string>
			<key>files</key>
			<array>
				<string>5227B0581D3596460025DE96</string>
				<string>52ECA3961D305AD2001213EE</string>
				<string>5215842F1D2A182700F6E503</string>
				<string>526F8C951D1DC12700EF729C</string>
				<string>52E0550C1D46C6E200A39024</string>
				<string>52186C551D20D60E0090872F</string>
				<string>5215842D1D2A13AD00F6E503</string>
				<string>527B0F161D34530000D7141F</string>
				<string>520956B41D1B9F1D00FFDE3E</string>
				<string>520956B21D1B9F1D00FFDE3E</string>
				<string>529CC9A71D3353C7003D03F8</string>
				<string>527B0F141D34509800D7141F</string>
				<string>5275952F1D2F2D6C00C92A7D</string>
				<string>52EF8E981D45C441000B32CB</string>
				<string>526F8C931D1D0F7500EF729C</string>
				<string>52186C511D2081DA0090872F</string>
				<string>529CC9A51D31F94A003D03F8</string>
				<string>52186C531D2082810090872F</string>
			</array>
			<key>isa</key>
			<string>PBXSourcesBuildPhase</string>
			<key>runOnlyForDeploymentPostprocessing</key>
			<string>0</string>
		</dict>
		<key>520956AB1D1B9F1D00FFDE3E</key>
		<dict>
			<key>buildActionMask</key>
			<string>2147483647</string>
			<key>files</key>
			<array>
				<string>DD849579B6432DD4D2F9842D</string>
			</array>
			<key>isa</key>
			<string>PBXFrameworksBuildPhase</string>
			<key>runOnlyForDeploymentPostprocessing</key>
			<string>0</string>
		</dict>
		<key>520956AC1D1B9F1D00FFDE3E</key>
		<dict>
			<key>buildActionMask</key>
			<string>2147483647</string>
			<key>files</key>
			<array>
				<string>526F8C891D1CBE4700EF729C</string>
				<string>52724B181D26F7610011DFE3</string>
				<string>528701901D2709A10004BFC0</string>
				<string>52724B171D26F7610011DFE3</string>
				<string>520956BC1D1B9F1D00FFDE3E</string>
				<string>52724B161D26F7610011DFE3</string>
				<string>520956B91D1B9F1D00FFDE3E</string>
				<string>52724B1A1D26F7610011DFE3</string>
				<string>520956B71D1B9F1D00FFDE3E</string>
				<string>52724B191D26F7610011DFE3</string>
			</array>
			<key>isa</key>
			<string>PBXResourcesBuildPhase</string>
			<key>runOnlyForDeploymentPostprocessing</key>
			<string>0</string>
		</dict>
		<key>520956AD1D1B9F1D00FFDE3E</key>
		<dict>
			<key>buildConfigurationList</key>
			<string>520956D61D1B9F1D00FFDE3E</string>
			<key>buildPhases</key>
			<array>
				<string>CDC467CF952FE823358504AC</string>
				<string>520956AA1D1B9F1D00FFDE3E</string>
				<string>520956AB1D1B9F1D00FFDE3E</string>
				<string>520956AC1D1B9F1D00FFDE3E</string>
				<string>792A965A86576AF65F8880A7</string>
				<string>57A97A9ADCAE9075EB0A6936</string>
			</array>
			<key>buildRules</key>
			<array/>
			<key>dependencies</key>
			<array/>
			<key>isa</key>
			<string>PBXNativeTarget</string>
			<key>name</key>
			<string>CharadesAndPictionary</string>
			<key>productName</key>
			<string>CharadesAndPictionary</string>
			<key>productReference</key>
			<string>520956AE1D1B9F1D00FFDE3E</string>
			<key>productType</key>
			<string>com.apple.product-type.application</string>
		</dict>
		<key>520956AE1D1B9F1D00FFDE3E</key>
		<dict>
			<key>explicitFileType</key>
			<string>wrapper.application</string>
			<key>includeInIndex</key>
			<string>0</string>
			<key>isa</key>
			<string>PBXFileReference</string>
			<key>path</key>
			<string>CharadesAndPictionary.app</string>
			<key>sourceTree</key>
			<string>BUILT_PRODUCTS_DIR</string>
		</dict>
		<key>520956AF1D1B9F1D00FFDE3E</key>
		<dict>
			<key>children</key>
			<array>
				<string>520956AE1D1B9F1D00FFDE3E</string>
				<string>520956C21D1B9F1D00FFDE3E</string>
				<string>520956CD1D1B9F1D00FFDE3E</string>
			</array>
			<key>isa</key>
			<string>PBXGroup</string>
			<key>name</key>
			<string>Products</string>
			<key>sourceTree</key>
			<string>&lt;group&gt;</string>
		</dict>
		<key>520956B01D1B9F1D00FFDE3E</key>
		<dict>
			<key>children</key>
			<array>
				<string>5275952E1D2F2D6C00C92A7D</string>
				<string>529CC9A41D31F94A003D03F8</string>
				<string>520956B11D1B9F1D00FFDE3E</string>
				<string>526F8C921D1D0F7500EF729C</string>
				<string>520956B31D1B9F1D00FFDE3E</string>
				<string>52186C541D20D60E0090872F</string>
				<string>5227B0571D3596460025DE96</string>
				<string>52E0550B1D46C6E200A39024</string>
				<string>52186C501D2081DA0090872F</string>
				<string>52186C521D2082810090872F</string>
				<string>520956B51D1B9F1D00FFDE3E</string>
				<string>527B0F131D34509800D7141F</string>
				<string>52EF8E971D45C441000B32CB</string>
				<string>52ECA3951D305AD2001213EE</string>
				<string>529CC9A61D3353C7003D03F8</string>
				<string>527B0F151D34530000D7141F</string>
				<string>5215842E1D2A182700F6E503</string>
				<string>5287018F1D2709A10004BFC0</string>
				<string>526F8C941D1DC12700EF729C</string>
				<string>520956B81D1B9F1D00FFDE3E</string>
				<string>5215842C1D2A13AD00F6E503</string>
				<string>520956BA1D1B9F1D00FFDE3E</string>
				<string>520956BD1D1B9F1D00FFDE3E</string>
				<string>526F8C881D1CBE4700EF729C</string>
				<string>52724B111D26F7610011DFE3</string>
				<string>52724B121D26F7610011DFE3</string>
				<string>52724B131D26F7610011DFE3</string>
				<string>52724B141D26F7610011DFE3</string>
				<string>52724B151D26F7610011DFE3</string>
			</array>
			<key>isa</key>
			<string>PBXGroup</string>
			<key>path</key>
			<string>CharadesAndPictionary</string>
			<key>sourceTree</key>
			<string>&lt;group&gt;</string>
		</dict>
		<key>520956B11D1B9F1D00FFDE3E</key>
		<dict>
			<key>isa</key>
			<string>PBXFileReference</string>
			<key>lastKnownFileType</key>
			<string>sourcecode.swift</string>
			<key>path</key>
			<string>AppDelegate.swift</string>
			<key>sourceTree</key>
			<string>&lt;group&gt;</string>
		</dict>
		<key>520956B21D1B9F1D00FFDE3E</key>
		<dict>
			<key>fileRef</key>
			<string>520956B11D1B9F1D00FFDE3E</string>
			<key>isa</key>
			<string>PBXBuildFile</string>
		</dict>
		<key>520956B31D1B9F1D00FFDE3E</key>
		<dict>
			<key>isa</key>
			<string>PBXFileReference</string>
			<key>lastKnownFileType</key>
			<string>sourcecode.swift</string>
			<key>path</key>
			<string>ViewController.swift</string>
			<key>sourceTree</key>
			<string>&lt;group&gt;</string>
		</dict>
		<key>520956B41D1B9F1D00FFDE3E</key>
		<dict>
			<key>fileRef</key>
			<string>520956B31D1B9F1D00FFDE3E</string>
			<key>isa</key>
			<string>PBXBuildFile</string>
		</dict>
		<key>520956B51D1B9F1D00FFDE3E</key>
		<dict>
			<key>children</key>
			<array>
				<string>520956B61D1B9F1D00FFDE3E</string>
			</array>
			<key>isa</key>
			<string>PBXVariantGroup</string>
			<key>name</key>
			<string>Main.storyboard</string>
			<key>sourceTree</key>
			<string>&lt;group&gt;</string>
		</dict>
		<key>520956B61D1B9F1D00FFDE3E</key>
		<dict>
			<key>isa</key>
			<string>PBXFileReference</string>
			<key>lastKnownFileType</key>
			<string>file.storyboard</string>
			<key>name</key>
			<string>Base</string>
			<key>path</key>
			<string>Base.lproj/Main.storyboard</string>
			<key>sourceTree</key>
			<string>&lt;group&gt;</string>
		</dict>
		<key>520956B71D1B9F1D00FFDE3E</key>
		<dict>
			<key>fileRef</key>
			<string>520956B51D1B9F1D00FFDE3E</string>
			<key>isa</key>
			<string>PBXBuildFile</string>
		</dict>
		<key>520956B81D1B9F1D00FFDE3E</key>
		<dict>
			<key>isa</key>
			<string>PBXFileReference</string>
			<key>lastKnownFileType</key>
			<string>folder.assetcatalog</string>
			<key>path</key>
			<string>Assets.xcassets</string>
			<key>sourceTree</key>
			<string>&lt;group&gt;</string>
		</dict>
		<key>520956B91D1B9F1D00FFDE3E</key>
		<dict>
			<key>fileRef</key>
			<string>520956B81D1B9F1D00FFDE3E</string>
			<key>isa</key>
			<string>PBXBuildFile</string>
		</dict>
		<key>520956BA1D1B9F1D00FFDE3E</key>
		<dict>
			<key>children</key>
			<array>
				<string>520956BB1D1B9F1D00FFDE3E</string>
			</array>
			<key>isa</key>
			<string>PBXVariantGroup</string>
			<key>name</key>
			<string>LaunchScreen.storyboard</string>
			<key>sourceTree</key>
			<string>&lt;group&gt;</string>
		</dict>
		<key>520956BB1D1B9F1D00FFDE3E</key>
		<dict>
			<key>isa</key>
			<string>PBXFileReference</string>
			<key>lastKnownFileType</key>
			<string>file.storyboard</string>
			<key>name</key>
			<string>Base</string>
			<key>path</key>
			<string>Base.lproj/LaunchScreen.storyboard</string>
			<key>sourceTree</key>
			<string>&lt;group&gt;</string>
		</dict>
		<key>520956BC1D1B9F1D00FFDE3E</key>
		<dict>
			<key>fileRef</key>
			<string>520956BA1D1B9F1D00FFDE3E</string>
			<key>isa</key>
			<string>PBXBuildFile</string>
		</dict>
		<key>520956BD1D1B9F1D00FFDE3E</key>
		<dict>
			<key>isa</key>
			<string>PBXFileReference</string>
			<key>lastKnownFileType</key>
			<string>text.plist.xml</string>
			<key>path</key>
			<string>Info.plist</string>
			<key>sourceTree</key>
			<string>&lt;group&gt;</string>
		</dict>
		<key>520956BE1D1B9F1D00FFDE3E</key>
		<dict>
			<key>buildActionMask</key>
			<string>2147483647</string>
			<key>files</key>
			<array>
				<string>520956C71D1B9F1D00FFDE3E</string>
			</array>
			<key>isa</key>
			<string>PBXSourcesBuildPhase</string>
			<key>runOnlyForDeploymentPostprocessing</key>
			<string>0</string>
		</dict>
		<key>520956BF1D1B9F1D00FFDE3E</key>
		<dict>
			<key>buildActionMask</key>
			<string>2147483647</string>
			<key>files</key>
			<array/>
			<key>isa</key>
			<string>PBXFrameworksBuildPhase</string>
			<key>runOnlyForDeploymentPostprocessing</key>
			<string>0</string>
		</dict>
		<key>520956C01D1B9F1D00FFDE3E</key>
		<dict>
			<key>buildActionMask</key>
			<string>2147483647</string>
			<key>files</key>
			<array/>
			<key>isa</key>
			<string>PBXResourcesBuildPhase</string>
			<key>runOnlyForDeploymentPostprocessing</key>
			<string>0</string>
		</dict>
		<key>520956C11D1B9F1D00FFDE3E</key>
		<dict>
			<key>buildConfigurationList</key>
			<string>520956D91D1B9F1D00FFDE3E</string>
			<key>buildPhases</key>
			<array>
				<string>520956BE1D1B9F1D00FFDE3E</string>
				<string>520956BF1D1B9F1D00FFDE3E</string>
				<string>520956C01D1B9F1D00FFDE3E</string>
			</array>
			<key>buildRules</key>
			<array/>
			<key>dependencies</key>
			<array>
				<string>520956C41D1B9F1D00FFDE3E</string>
			</array>
			<key>isa</key>
			<string>PBXNativeTarget</string>
			<key>name</key>
			<string>CharadesAndPictionaryTests</string>
			<key>productName</key>
			<string>CharadesAndPictionaryTests</string>
			<key>productReference</key>
			<string>520956C21D1B9F1D00FFDE3E</string>
			<key>productType</key>
			<string>com.apple.product-type.bundle.unit-test</string>
		</dict>
		<key>520956C21D1B9F1D00FFDE3E</key>
		<dict>
			<key>explicitFileType</key>
			<string>wrapper.cfbundle</string>
			<key>includeInIndex</key>
			<string>0</string>
			<key>isa</key>
			<string>PBXFileReference</string>
			<key>path</key>
			<string>CharadesAndPictionaryTests.xctest</string>
			<key>sourceTree</key>
			<string>BUILT_PRODUCTS_DIR</string>
		</dict>
		<key>520956C31D1B9F1D00FFDE3E</key>
		<dict>
			<key>containerPortal</key>
			<string>520956A61D1B9F1D00FFDE3E</string>
			<key>isa</key>
			<string>PBXContainerItemProxy</string>
			<key>proxyType</key>
			<string>1</string>
			<key>remoteGlobalIDString</key>
			<string>520956AD1D1B9F1D00FFDE3E</string>
			<key>remoteInfo</key>
			<string>CharadesAndPictionary</string>
		</dict>
		<key>520956C41D1B9F1D00FFDE3E</key>
		<dict>
			<key>isa</key>
			<string>PBXTargetDependency</string>
			<key>target</key>
			<string>520956AD1D1B9F1D00FFDE3E</string>
			<key>targetProxy</key>
			<string>520956C31D1B9F1D00FFDE3E</string>
		</dict>
		<key>520956C51D1B9F1D00FFDE3E</key>
		<dict>
			<key>children</key>
			<array>
				<string>520956C61D1B9F1D00FFDE3E</string>
				<string>520956C81D1B9F1D00FFDE3E</string>
			</array>
			<key>isa</key>
			<string>PBXGroup</string>
			<key>path</key>
			<string>CharadesAndPictionaryTests</string>
			<key>sourceTree</key>
			<string>&lt;group&gt;</string>
		</dict>
		<key>520956C61D1B9F1D00FFDE3E</key>
		<dict>
			<key>isa</key>
			<string>PBXFileReference</string>
			<key>lastKnownFileType</key>
			<string>sourcecode.swift</string>
			<key>path</key>
			<string>CharadesAndPictionaryTests.swift</string>
			<key>sourceTree</key>
			<string>&lt;group&gt;</string>
		</dict>
		<key>520956C71D1B9F1D00FFDE3E</key>
		<dict>
			<key>fileRef</key>
			<string>520956C61D1B9F1D00FFDE3E</string>
			<key>isa</key>
			<string>PBXBuildFile</string>
		</dict>
		<key>520956C81D1B9F1D00FFDE3E</key>
		<dict>
			<key>isa</key>
			<string>PBXFileReference</string>
			<key>lastKnownFileType</key>
			<string>text.plist.xml</string>
			<key>path</key>
			<string>Info.plist</string>
			<key>sourceTree</key>
			<string>&lt;group&gt;</string>
		</dict>
		<key>520956C91D1B9F1D00FFDE3E</key>
		<dict>
			<key>buildActionMask</key>
			<string>2147483647</string>
			<key>files</key>
			<array>
				<string>520956D21D1B9F1D00FFDE3E</string>
			</array>
			<key>isa</key>
			<string>PBXSourcesBuildPhase</string>
			<key>runOnlyForDeploymentPostprocessing</key>
			<string>0</string>
		</dict>
		<key>520956CA1D1B9F1D00FFDE3E</key>
		<dict>
			<key>buildActionMask</key>
			<string>2147483647</string>
			<key>files</key>
			<array/>
			<key>isa</key>
			<string>PBXFrameworksBuildPhase</string>
			<key>runOnlyForDeploymentPostprocessing</key>
			<string>0</string>
		</dict>
		<key>520956CB1D1B9F1D00FFDE3E</key>
		<dict>
			<key>buildActionMask</key>
			<string>2147483647</string>
			<key>files</key>
			<array/>
			<key>isa</key>
			<string>PBXResourcesBuildPhase</string>
			<key>runOnlyForDeploymentPostprocessing</key>
			<string>0</string>
		</dict>
		<key>520956CC1D1B9F1D00FFDE3E</key>
		<dict>
			<key>buildConfigurationList</key>
			<string>520956DC1D1B9F1D00FFDE3E</string>
			<key>buildPhases</key>
			<array>
				<string>520956C91D1B9F1D00FFDE3E</string>
				<string>520956CA1D1B9F1D00FFDE3E</string>
				<string>520956CB1D1B9F1D00FFDE3E</string>
			</array>
			<key>buildRules</key>
			<array/>
			<key>dependencies</key>
			<array>
				<string>520956CF1D1B9F1D00FFDE3E</string>
			</array>
			<key>isa</key>
			<string>PBXNativeTarget</string>
			<key>name</key>
			<string>CharadesAndPictionaryUITests</string>
			<key>productName</key>
			<string>CharadesAndPictionaryUITests</string>
			<key>productReference</key>
			<string>520956CD1D1B9F1D00FFDE3E</string>
			<key>productType</key>
			<string>com.apple.product-type.bundle.ui-testing</string>
		</dict>
		<key>520956CD1D1B9F1D00FFDE3E</key>
		<dict>
			<key>explicitFileType</key>
			<string>wrapper.cfbundle</string>
			<key>includeInIndex</key>
			<string>0</string>
			<key>isa</key>
			<string>PBXFileReference</string>
			<key>path</key>
			<string>CharadesAndPictionaryUITests.xctest</string>
			<key>sourceTree</key>
			<string>BUILT_PRODUCTS_DIR</string>
		</dict>
		<key>520956CE1D1B9F1D00FFDE3E</key>
		<dict>
			<key>containerPortal</key>
			<string>520956A61D1B9F1D00FFDE3E</string>
			<key>isa</key>
			<string>PBXContainerItemProxy</string>
			<key>proxyType</key>
			<string>1</string>
			<key>remoteGlobalIDString</key>
			<string>520956AD1D1B9F1D00FFDE3E</string>
			<key>remoteInfo</key>
			<string>CharadesAndPictionary</string>
		</dict>
		<key>520956CF1D1B9F1D00FFDE3E</key>
		<dict>
			<key>isa</key>
			<string>PBXTargetDependency</string>
			<key>target</key>
			<string>520956AD1D1B9F1D00FFDE3E</string>
			<key>targetProxy</key>
			<string>520956CE1D1B9F1D00FFDE3E</string>
		</dict>
		<key>520956D01D1B9F1D00FFDE3E</key>
		<dict>
			<key>children</key>
			<array>
				<string>520956D11D1B9F1D00FFDE3E</string>
				<string>520956D31D1B9F1D00FFDE3E</string>
			</array>
			<key>isa</key>
			<string>PBXGroup</string>
			<key>path</key>
			<string>CharadesAndPictionaryUITests</string>
			<key>sourceTree</key>
			<string>&lt;group&gt;</string>
		</dict>
		<key>520956D11D1B9F1D00FFDE3E</key>
		<dict>
			<key>isa</key>
			<string>PBXFileReference</string>
			<key>lastKnownFileType</key>
			<string>sourcecode.swift</string>
			<key>path</key>
			<string>CharadesAndPictionaryUITests.swift</string>
			<key>sourceTree</key>
			<string>&lt;group&gt;</string>
		</dict>
		<key>520956D21D1B9F1D00FFDE3E</key>
		<dict>
			<key>fileRef</key>
			<string>520956D11D1B9F1D00FFDE3E</string>
			<key>isa</key>
			<string>PBXBuildFile</string>
		</dict>
		<key>520956D31D1B9F1D00FFDE3E</key>
		<dict>
			<key>isa</key>
			<string>PBXFileReference</string>
			<key>lastKnownFileType</key>
			<string>text.plist.xml</string>
			<key>path</key>
			<string>Info.plist</string>
			<key>sourceTree</key>
			<string>&lt;group&gt;</string>
		</dict>
		<key>520956D41D1B9F1D00FFDE3E</key>
		<dict>
			<key>buildSettings</key>
			<dict>
				<key>ALWAYS_SEARCH_USER_PATHS</key>
				<string>NO</string>
				<key>CLANG_ANALYZER_NONNULL</key>
				<string>YES</string>
				<key>CLANG_CXX_LANGUAGE_STANDARD</key>
				<string>gnu++0x</string>
				<key>CLANG_CXX_LIBRARY</key>
				<string>libc++</string>
				<key>CLANG_ENABLE_MODULES</key>
				<string>YES</string>
				<key>CLANG_ENABLE_OBJC_ARC</key>
				<string>YES</string>
				<key>CLANG_WARN_BOOL_CONVERSION</key>
				<string>YES</string>
				<key>CLANG_WARN_CONSTANT_CONVERSION</key>
				<string>YES</string>
				<key>CLANG_WARN_DIRECT_OBJC_ISA_USAGE</key>
				<string>YES_ERROR</string>
				<key>CLANG_WARN_EMPTY_BODY</key>
				<string>YES</string>
				<key>CLANG_WARN_ENUM_CONVERSION</key>
				<string>YES</string>
				<key>CLANG_WARN_INT_CONVERSION</key>
				<string>YES</string>
				<key>CLANG_WARN_OBJC_ROOT_CLASS</key>
				<string>YES_ERROR</string>
				<key>CLANG_WARN_UNREACHABLE_CODE</key>
				<string>YES</string>
				<key>CLANG_WARN__DUPLICATE_METHOD_MATCH</key>
				<string>YES</string>
				<key>CODE_SIGN_IDENTITY[sdk=iphoneos*]</key>
				<string>iPhone Developer</string>
				<key>COPY_PHASE_STRIP</key>
				<string>NO</string>
				<key>DEBUG_INFORMATION_FORMAT</key>
				<string>dwarf</string>
				<key>ENABLE_STRICT_OBJC_MSGSEND</key>
				<string>YES</string>
				<key>ENABLE_TESTABILITY</key>
				<string>YES</string>
				<key>GCC_C_LANGUAGE_STANDARD</key>
				<string>gnu99</string>
				<key>GCC_DYNAMIC_NO_PIC</key>
				<string>NO</string>
				<key>GCC_NO_COMMON_BLOCKS</key>
				<string>YES</string>
				<key>GCC_OPTIMIZATION_LEVEL</key>
				<string>0</string>
				<key>GCC_PREPROCESSOR_DEFINITIONS</key>
				<array>
					<string>DEBUG=1</string>
					<string>$(inherited)</string>
				</array>
				<key>GCC_WARN_64_TO_32_BIT_CONVERSION</key>
				<string>YES</string>
				<key>GCC_WARN_ABOUT_RETURN_TYPE</key>
				<string>YES_ERROR</string>
				<key>GCC_WARN_UNDECLARED_SELECTOR</key>
				<string>YES</string>
				<key>GCC_WARN_UNINITIALIZED_AUTOS</key>
				<string>YES_AGGRESSIVE</string>
				<key>GCC_WARN_UNUSED_FUNCTION</key>
				<string>YES</string>
				<key>GCC_WARN_UNUSED_VARIABLE</key>
				<string>YES</string>
				<key>IPHONEOS_DEPLOYMENT_TARGET</key>
				<string>9.3</string>
				<key>MTL_ENABLE_DEBUG_INFO</key>
				<string>YES</string>
				<key>ONLY_ACTIVE_ARCH</key>
				<string>YES</string>
				<key>SDKROOT</key>
				<string>iphoneos</string>
				<key>SWIFT_OPTIMIZATION_LEVEL</key>
				<string>-Onone</string>
			</dict>
			<key>isa</key>
			<string>XCBuildConfiguration</string>
			<key>name</key>
			<string>Debug</string>
		</dict>
		<key>520956D51D1B9F1D00FFDE3E</key>
		<dict>
			<key>buildSettings</key>
			<dict>
				<key>ALWAYS_SEARCH_USER_PATHS</key>
				<string>NO</string>
				<key>CLANG_ANALYZER_NONNULL</key>
				<string>YES</string>
				<key>CLANG_CXX_LANGUAGE_STANDARD</key>
				<string>gnu++0x</string>
				<key>CLANG_CXX_LIBRARY</key>
				<string>libc++</string>
				<key>CLANG_ENABLE_MODULES</key>
				<string>YES</string>
				<key>CLANG_ENABLE_OBJC_ARC</key>
				<string>YES</string>
				<key>CLANG_WARN_BOOL_CONVERSION</key>
				<string>YES</string>
				<key>CLANG_WARN_CONSTANT_CONVERSION</key>
				<string>YES</string>
				<key>CLANG_WARN_DIRECT_OBJC_ISA_USAGE</key>
				<string>YES_ERROR</string>
				<key>CLANG_WARN_EMPTY_BODY</key>
				<string>YES</string>
				<key>CLANG_WARN_ENUM_CONVERSION</key>
				<string>YES</string>
				<key>CLANG_WARN_INT_CONVERSION</key>
				<string>YES</string>
				<key>CLANG_WARN_OBJC_ROOT_CLASS</key>
				<string>YES_ERROR</string>
				<key>CLANG_WARN_UNREACHABLE_CODE</key>
				<string>YES</string>
				<key>CLANG_WARN__DUPLICATE_METHOD_MATCH</key>
				<string>YES</string>
				<key>CODE_SIGN_IDENTITY[sdk=iphoneos*]</key>
				<string>iPhone Developer</string>
				<key>COPY_PHASE_STRIP</key>
				<string>NO</string>
				<key>DEBUG_INFORMATION_FORMAT</key>
				<string>dwarf-with-dsym</string>
				<key>ENABLE_NS_ASSERTIONS</key>
				<string>NO</string>
				<key>ENABLE_STRICT_OBJC_MSGSEND</key>
				<string>YES</string>
				<key>GCC_C_LANGUAGE_STANDARD</key>
				<string>gnu99</string>
				<key>GCC_NO_COMMON_BLOCKS</key>
				<string>YES</string>
				<key>GCC_WARN_64_TO_32_BIT_CONVERSION</key>
				<string>YES</string>
				<key>GCC_WARN_ABOUT_RETURN_TYPE</key>
				<string>YES_ERROR</string>
				<key>GCC_WARN_UNDECLARED_SELECTOR</key>
				<string>YES</string>
				<key>GCC_WARN_UNINITIALIZED_AUTOS</key>
				<string>YES_AGGRESSIVE</string>
				<key>GCC_WARN_UNUSED_FUNCTION</key>
				<string>YES</string>
				<key>GCC_WARN_UNUSED_VARIABLE</key>
				<string>YES</string>
				<key>IPHONEOS_DEPLOYMENT_TARGET</key>
				<string>9.3</string>
				<key>MTL_ENABLE_DEBUG_INFO</key>
				<string>NO</string>
				<key>SDKROOT</key>
				<string>iphoneos</string>
				<key>VALIDATE_PRODUCT</key>
				<string>YES</string>
			</dict>
			<key>isa</key>
			<string>XCBuildConfiguration</string>
			<key>name</key>
			<string>Release</string>
		</dict>
		<key>520956D61D1B9F1D00FFDE3E</key>
		<dict>
			<key>buildConfigurations</key>
			<array>
				<string>520956D71D1B9F1D00FFDE3E</string>
				<string>520956D81D1B9F1D00FFDE3E</string>
			</array>
			<key>defaultConfigurationIsVisible</key>
			<string>0</string>
			<key>defaultConfigurationName</key>
			<string>Release</string>
			<key>isa</key>
			<string>XCConfigurationList</string>
		</dict>
		<key>520956D71D1B9F1D00FFDE3E</key>
		<dict>
			<key>baseConfigurationReference</key>
			<string>9D8B19BF8DA0EE13E3E48C9E</string>
			<key>buildSettings</key>
			<dict>
				<key>ASSETCATALOG_COMPILER_APPICON_NAME</key>
				<string>AppIcon</string>
				<key>CODE_SIGN_IDENTITY</key>
				<string>iPhone Developer</string>
				<key>CODE_SIGN_IDENTITY[sdk=iphoneos*]</key>
				<string>iPhone Developer</string>
				<key>INFOPLIST_FILE</key>
				<string>CharadesAndPictionary/Info.plist</string>
				<key>LD_RUNPATH_SEARCH_PATHS</key>
				<string>$(inherited) @executable_path/Frameworks</string>
				<key>PRODUCT_BUNDLE_IDENTIFIER</key>
				<string>milton.CharadesAndPictionary</string>
				<key>PRODUCT_NAME</key>
				<string>$(TARGET_NAME)</string>
				<key>PROVISIONING_PROFILE</key>
				<string></string>
				<key>TARGETED_DEVICE_FAMILY</key>
				<string>1</string>
			</dict>
			<key>isa</key>
			<string>XCBuildConfiguration</string>
			<key>name</key>
			<string>Debug</string>
		</dict>
		<key>520956D81D1B9F1D00FFDE3E</key>
		<dict>
			<key>baseConfigurationReference</key>
			<string>CE73A1424118CB920F4CBF94</string>
			<key>buildSettings</key>
			<dict>
				<key>ASSETCATALOG_COMPILER_APPICON_NAME</key>
				<string>AppIcon</string>
				<key>CODE_SIGN_IDENTITY</key>
				<string>iPhone Developer</string>
				<key>CODE_SIGN_IDENTITY[sdk=iphoneos*]</key>
				<string>iPhone Developer</string>
				<key>INFOPLIST_FILE</key>
				<string>CharadesAndPictionary/Info.plist</string>
				<key>LD_RUNPATH_SEARCH_PATHS</key>
				<string>$(inherited) @executable_path/Frameworks</string>
				<key>PRODUCT_BUNDLE_IDENTIFIER</key>
				<string>milton.CharadesAndPictionary</string>
				<key>PRODUCT_NAME</key>
				<string>$(TARGET_NAME)</string>
				<key>PROVISIONING_PROFILE</key>
				<string></string>
				<key>TARGETED_DEVICE_FAMILY</key>
				<string>1</string>
			</dict>
			<key>isa</key>
			<string>XCBuildConfiguration</string>
			<key>name</key>
			<string>Release</string>
		</dict>
		<key>520956D91D1B9F1D00FFDE3E</key>
		<dict>
			<key>buildConfigurations</key>
			<array>
				<string>520956DA1D1B9F1D00FFDE3E</string>
				<string>520956DB1D1B9F1D00FFDE3E</string>
			</array>
			<key>defaultConfigurationIsVisible</key>
			<string>0</string>
			<key>defaultConfigurationName</key>
			<string>Release</string>
			<key>isa</key>
			<string>XCConfigurationList</string>
		</dict>
		<key>520956DA1D1B9F1D00FFDE3E</key>
		<dict>
			<key>buildSettings</key>
			<dict>
				<key>BUNDLE_LOADER</key>
				<string>$(TEST_HOST)</string>
				<key>INFOPLIST_FILE</key>
				<string>CharadesAndPictionaryTests/Info.plist</string>
				<key>LD_RUNPATH_SEARCH_PATHS</key>
				<string>$(inherited) @executable_path/Frameworks @loader_path/Frameworks</string>
				<key>PRODUCT_BUNDLE_IDENTIFIER</key>
				<string>milton.CharadesAndPictionaryTests</string>
				<key>PRODUCT_NAME</key>
				<string>$(TARGET_NAME)</string>
				<key>TEST_HOST</key>
				<string>$(BUILT_PRODUCTS_DIR)/CharadesAndPictionary.app/CharadesAndPictionary</string>
			</dict>
			<key>isa</key>
			<string>XCBuildConfiguration</string>
			<key>name</key>
			<string>Debug</string>
		</dict>
		<key>520956DB1D1B9F1D00FFDE3E</key>
		<dict>
			<key>buildSettings</key>
			<dict>
				<key>BUNDLE_LOADER</key>
				<string>$(TEST_HOST)</string>
				<key>INFOPLIST_FILE</key>
				<string>CharadesAndPictionaryTests/Info.plist</string>
				<key>LD_RUNPATH_SEARCH_PATHS</key>
				<string>$(inherited) @executable_path/Frameworks @loader_path/Frameworks</string>
				<key>PRODUCT_BUNDLE_IDENTIFIER</key>
				<string>milton.CharadesAndPictionaryTests</string>
				<key>PRODUCT_NAME</key>
				<string>$(TARGET_NAME)</string>
				<key>TEST_HOST</key>
				<string>$(BUILT_PRODUCTS_DIR)/CharadesAndPictionary.app/CharadesAndPictionary</string>
			</dict>
			<key>isa</key>
			<string>XCBuildConfiguration</string>
			<key>name</key>
			<string>Release</string>
		</dict>
		<key>520956DC1D1B9F1D00FFDE3E</key>
		<dict>
			<key>buildConfigurations</key>
			<array>
				<string>520956DD1D1B9F1D00FFDE3E</string>
				<string>520956DE1D1B9F1D00FFDE3E</string>
			</array>
			<key>defaultConfigurationIsVisible</key>
			<string>0</string>
			<key>defaultConfigurationName</key>
			<string>Release</string>
			<key>isa</key>
			<string>XCConfigurationList</string>
		</dict>
		<key>520956DD1D1B9F1D00FFDE3E</key>
		<dict>
			<key>buildSettings</key>
			<dict>
				<key>INFOPLIST_FILE</key>
				<string>CharadesAndPictionaryUITests/Info.plist</string>
				<key>LD_RUNPATH_SEARCH_PATHS</key>
				<string>$(inherited) @executable_path/Frameworks @loader_path/Frameworks</string>
				<key>PRODUCT_BUNDLE_IDENTIFIER</key>
				<string>milton.CharadesAndPictionaryUITests</string>
				<key>PRODUCT_NAME</key>
				<string>$(TARGET_NAME)</string>
				<key>TEST_TARGET_NAME</key>
				<string>CharadesAndPictionary</string>
			</dict>
			<key>isa</key>
			<string>XCBuildConfiguration</string>
			<key>name</key>
			<string>Debug</string>
		</dict>
		<key>520956DE1D1B9F1D00FFDE3E</key>
		<dict>
			<key>buildSettings</key>
			<dict>
				<key>INFOPLIST_FILE</key>
				<string>CharadesAndPictionaryUITests/Info.plist</string>
				<key>LD_RUNPATH_SEARCH_PATHS</key>
				<string>$(inherited) @executable_path/Frameworks @loader_path/Frameworks</string>
				<key>PRODUCT_BUNDLE_IDENTIFIER</key>
				<string>milton.CharadesAndPictionaryUITests</string>
				<key>PRODUCT_NAME</key>
				<string>$(TARGET_NAME)</string>
				<key>TEST_TARGET_NAME</key>
				<string>CharadesAndPictionary</string>
			</dict>
			<key>isa</key>
			<string>XCBuildConfiguration</string>
			<key>name</key>
			<string>Release</string>
		</dict>
		<key>5215842C1D2A13AD00F6E503</key>
		<dict>
			<key>fileEncoding</key>
			<string>4</string>
			<key>isa</key>
			<string>PBXFileReference</string>
			<key>lastKnownFileType</key>
			<string>sourcecode.swift</string>
			<key>path</key>
			<string>CircularLoaderView.swift</string>
			<key>sourceTree</key>
			<string>&lt;group&gt;</string>
		</dict>
		<key>5215842D1D2A13AD00F6E503</key>
		<dict>
			<key>fileRef</key>
			<string>5215842C1D2A13AD00F6E503</string>
			<key>isa</key>
			<string>PBXBuildFile</string>
		</dict>
		<key>5215842E1D2A182700F6E503</key>
		<dict>
			<key>fileEncoding</key>
			<string>4</string>
			<key>isa</key>
			<string>PBXFileReference</string>
			<key>lastKnownFileType</key>
			<string>sourcecode.swift</string>
			<key>path</key>
			<string>CountdownView.swift</string>
			<key>sourceTree</key>
			<string>&lt;group&gt;</string>
		</dict>
		<key>5215842F1D2A182700F6E503</key>
		<dict>
			<key>fileRef</key>
			<string>5215842E1D2A182700F6E503</string>
			<key>isa</key>
			<string>PBXBuildFile</string>
		</dict>
		<key>52186C501D2081DA0090872F</key>
		<dict>
			<key>fileEncoding</key>
			<string>4</string>
			<key>isa</key>
			<string>PBXFileReference</string>
			<key>lastKnownFileType</key>
			<string>sourcecode.swift</string>
			<key>path</key>
			<string>FirebaseModel.swift</string>
			<key>sourceTree</key>
			<string>&lt;group&gt;</string>
		</dict>
		<key>52186C511D2081DA0090872F</key>
		<dict>
			<key>fileRef</key>
			<string>52186C501D2081DA0090872F</string>
			<key>isa</key>
			<string>PBXBuildFile</string>
		</dict>
		<key>52186C521D2082810090872F</key>
		<dict>
			<key>fileEncoding</key>
			<string>4</string>
			<key>isa</key>
			<string>PBXFileReference</string>
			<key>lastKnownFileType</key>
			<string>sourcecode.swift</string>
			<key>path</key>
			<string>ModelInterface.swift</string>
			<key>sourceTree</key>
			<string>&lt;group&gt;</string>
		</dict>
		<key>52186C531D2082810090872F</key>
		<dict>
			<key>fileRef</key>
			<string>52186C521D2082810090872F</string>
			<key>isa</key>
			<string>PBXBuildFile</string>
		</dict>
		<key>52186C541D20D60E0090872F</key>
		<dict>
			<key>fileEncoding</key>
			<string>4</string>
			<key>isa</key>
			<string>PBXFileReference</string>
			<key>lastKnownFileType</key>
			<string>sourcecode.swift</string>
			<key>path</key>
			<string>Constants.swift</string>
			<key>sourceTree</key>
			<string>&lt;group&gt;</string>
		</dict>
		<key>52186C551D20D60E0090872F</key>
		<dict>
			<key>fileRef</key>
			<string>52186C541D20D60E0090872F</string>
			<key>isa</key>
			<string>PBXBuildFile</string>
		</dict>
		<key>5227B0571D3596460025DE96</key>
		<dict>
			<key>fileEncoding</key>
			<string>4</string>
			<key>isa</key>
			<string>PBXFileReference</string>
			<key>lastKnownFileType</key>
			<string>sourcecode.swift</string>
			<key>path</key>
			<string>StringUtil.swift</string>
			<key>sourceTree</key>
			<string>&lt;group&gt;</string>
		</dict>
		<key>5227B0581D3596460025DE96</key>
		<dict>
			<key>fileRef</key>
			<string>5227B0571D3596460025DE96</string>
			<key>isa</key>
			<string>PBXBuildFile</string>
		</dict>
		<key>526F8C881D1CBE4700EF729C</key>
		<dict>
			<key>fileEncoding</key>
			<string>4</string>
			<key>isa</key>
			<string>PBXFileReference</string>
			<key>lastKnownFileType</key>
			<string>text.plist.xml</string>
			<key>path</key>
			<string>GoogleService-Info.plist</string>
			<key>sourceTree</key>
			<string>&lt;group&gt;</string>
		</dict>
		<key>526F8C891D1CBE4700EF729C</key>
		<dict>
			<key>fileRef</key>
			<string>526F8C881D1CBE4700EF729C</string>
			<key>isa</key>
			<string>PBXBuildFile</string>
		</dict>
		<key>526F8C921D1D0F7500EF729C</key>
		<dict>
			<key>fileEncoding</key>
			<string>4</string>
			<key>isa</key>
			<string>PBXFileReference</string>
			<key>lastKnownFileType</key>
			<string>sourcecode.swift</string>
			<key>path</key>
			<string>LobbyViewController.swift</string>
			<key>sourceTree</key>
			<string>&lt;group&gt;</string>
		</dict>
		<key>526F8C931D1D0F7500EF729C</key>
		<dict>
			<key>fileRef</key>
			<string>526F8C921D1D0F7500EF729C</string>
			<key>isa</key>
			<string>PBXBuildFile</string>
		</dict>
		<key>526F8C941D1DC12700EF729C</key>
		<dict>
			<key>fileEncoding</key>
			<string>4</string>
			<key>isa</key>
			<string>PBXFileReference</string>
			<key>lastKnownFileType</key>
			<string>sourcecode.swift</string>
			<key>path</key>
			<string>GameViewController.swift</string>
			<key>sourceTree</key>
			<string>&lt;group&gt;</string>
		</dict>
		<key>526F8C951D1DC12700EF729C</key>
		<dict>
			<key>fileRef</key>
			<string>526F8C941D1DC12700EF729C</string>
			<key>isa</key>
			<string>PBXBuildFile</string>
		</dict>
		<key>52724B111D26F7610011DFE3</key>
		<dict>
			<key>isa</key>
			<string>PBXFileReference</string>
			<key>lastKnownFileType</key>
			<string>file</string>
			<key>path</key>
			<string>Poppins-Bold.ttf</string>
			<key>sourceTree</key>
			<string>&lt;group&gt;</string>
		</dict>
		<key>52724B121D26F7610011DFE3</key>
		<dict>
			<key>isa</key>
			<string>PBXFileReference</string>
			<key>lastKnownFileType</key>
			<string>file</string>
			<key>path</key>
			<string>Poppins-Light.ttf</string>
			<key>sourceTree</key>
			<string>&lt;group&gt;</string>
		</dict>
		<key>52724B131D26F7610011DFE3</key>
		<dict>
			<key>isa</key>
			<string>PBXFileReference</string>
			<key>lastKnownFileType</key>
			<string>file</string>
			<key>path</key>
			<string>Poppins-Medium.ttf</string>
			<key>sourceTree</key>
			<string>&lt;group&gt;</string>
		</dict>
		<key>52724B141D26F7610011DFE3</key>
		<dict>
			<key>isa</key>
			<string>PBXFileReference</string>
			<key>lastKnownFileType</key>
			<string>file</string>
			<key>path</key>
			<string>Poppins-Regular.ttf</string>
			<key>sourceTree</key>
			<string>&lt;group&gt;</string>
		</dict>
		<key>52724B151D26F7610011DFE3</key>
		<dict>
			<key>isa</key>
			<string>PBXFileReference</string>
			<key>lastKnownFileType</key>
			<string>file</string>
			<key>path</key>
			<string>Poppins-SemiBold.ttf</string>
			<key>sourceTree</key>
			<string>&lt;group&gt;</string>
		</dict>
		<key>52724B161D26F7610011DFE3</key>
		<dict>
			<key>fileRef</key>
			<string>52724B111D26F7610011DFE3</string>
			<key>isa</key>
			<string>PBXBuildFile</string>
		</dict>
		<key>52724B171D26F7610011DFE3</key>
		<dict>
			<key>fileRef</key>
			<string>52724B121D26F7610011DFE3</string>
			<key>isa</key>
			<string>PBXBuildFile</string>
		</dict>
		<key>52724B181D26F7610011DFE3</key>
		<dict>
			<key>fileRef</key>
			<string>52724B131D26F7610011DFE3</string>
			<key>isa</key>
			<string>PBXBuildFile</string>
		</dict>
		<key>52724B191D26F7610011DFE3</key>
		<dict>
			<key>fileRef</key>
			<string>52724B141D26F7610011DFE3</string>
			<key>isa</key>
			<string>PBXBuildFile</string>
		</dict>
		<key>52724B1A1D26F7610011DFE3</key>
		<dict>
			<key>fileRef</key>
			<string>52724B151D26F7610011DFE3</string>
			<key>isa</key>
			<string>PBXBuildFile</string>
		</dict>
		<key>5275952E1D2F2D6C00C92A7D</key>
		<dict>
			<key>fileEncoding</key>
			<string>4</string>
			<key>isa</key>
			<string>PBXFileReference</string>
			<key>lastKnownFileType</key>
			<string>sourcecode.swift</string>
			<key>path</key>
			<string>CategoryCollectionViewCell.swift</string>
			<key>sourceTree</key>
			<string>&lt;group&gt;</string>
		</dict>
		<key>5275952F1D2F2D6C00C92A7D</key>
		<dict>
			<key>fileRef</key>
			<string>5275952E1D2F2D6C00C92A7D</string>
			<key>isa</key>
			<string>PBXBuildFile</string>
		</dict>
		<key>527B0F131D34509800D7141F</key>
		<dict>
			<key>fileEncoding</key>
			<string>4</string>
			<key>isa</key>
			<string>PBXFileReference</string>
			<key>lastKnownFileType</key>
			<string>sourcecode.swift</string>
			<key>path</key>
			<string>SelectListViewController.swift</string>
			<key>sourceTree</key>
			<string>&lt;group&gt;</string>
		</dict>
		<key>527B0F141D34509800D7141F</key>
		<dict>
			<key>fileRef</key>
			<string>527B0F131D34509800D7141F</string>
			<key>isa</key>
			<string>PBXBuildFile</string>
		</dict>
		<key>527B0F151D34530000D7141F</key>
		<dict>
			<key>fileEncoding</key>
			<string>4</string>
			<key>isa</key>
			<string>PBXFileReference</string>
			<key>lastKnownFileType</key>
			<string>sourcecode.swift</string>
			<key>path</key>
			<string>ContributorsLabelCollectionViewCell.swift</string>
			<key>sourceTree</key>
			<string>&lt;group&gt;</string>
		</dict>
		<key>527B0F161D34530000D7141F</key>
		<dict>
			<key>fileRef</key>
			<string>527B0F151D34530000D7141F</string>
			<key>isa</key>
			<string>PBXBuildFile</string>
		</dict>
		<key>5287018F1D2709A10004BFC0</key>
		<dict>
			<key>fileEncoding</key>
			<string>4</string>
			<key>isa</key>
			<string>PBXFileReference</string>
			<key>lastKnownFileType</key>
			<string>file.xib</string>
			<key>path</key>
			<string>Keyboard.xib</string>
			<key>sourceTree</key>
			<string>&lt;group&gt;</string>
		</dict>
		<key>528701901D2709A10004BFC0</key>
		<dict>
			<key>fileRef</key>
			<string>5287018F1D2709A10004BFC0</string>
			<key>isa</key>
			<string>PBXBuildFile</string>
		</dict>
		<key>529CC9A41D31F94A003D03F8</key>
		<dict>
			<key>fileEncoding</key>
			<string>4</string>
			<key>isa</key>
			<string>PBXFileReference</string>
			<key>lastKnownFileType</key>
			<string>sourcecode.swift</string>
			<key>path</key>
			<string>SmallCategoryCollectionViewCell.swift</string>
			<key>sourceTree</key>
			<string>&lt;group&gt;</string>
		</dict>
		<key>529CC9A51D31F94A003D03F8</key>
		<dict>
			<key>fileRef</key>
			<string>529CC9A41D31F94A003D03F8</string>
			<key>isa</key>
			<string>PBXBuildFile</string>
		</dict>
		<key>529CC9A61D3353C7003D03F8</key>
		<dict>
			<key>fileEncoding</key>
			<string>4</string>
			<key>isa</key>
			<string>PBXFileReference</string>
			<key>lastKnownFileType</key>
			<string>sourcecode.swift</string>
			<key>path</key>
			<string>BuildListViewController.swift</string>
			<key>sourceTree</key>
			<string>&lt;group&gt;</string>
		</dict>
		<key>529CC9A71D3353C7003D03F8</key>
		<dict>
			<key>fileRef</key>
			<string>529CC9A61D3353C7003D03F8</string>
			<key>isa</key>
			<string>PBXBuildFile</string>
		</dict>
		<key>52E0550B1D46C6E200A39024</key>
		<dict>
			<key>fileEncoding</key>
			<string>4</string>
			<key>isa</key>
			<string>PBXFileReference</string>
			<key>lastKnownFileType</key>
			<string>sourcecode.swift</string>
			<key>path</key>
			<string>AvatarUtil.swift</string>
			<key>sourceTree</key>
			<string>&lt;group&gt;</string>
		</dict>
		<key>52E0550C1D46C6E200A39024</key>
		<dict>
			<key>fileRef</key>
			<string>52E0550B1D46C6E200A39024</string>
			<key>isa</key>
			<string>PBXBuildFile</string>
		</dict>
		<key>52ECA3951D305AD2001213EE</key>
		<dict>
			<key>fileEncoding</key>
			<string>4</string>
			<key>isa</key>
			<string>PBXFileReference</string>
			<key>lastKnownFileType</key>
			<string>sourcecode.swift</string>
			<key>path</key>
			<string>NewListViewController.swift</string>
			<key>sourceTree</key>
			<string>&lt;group&gt;</string>
		</dict>
		<key>52ECA3961D305AD2001213EE</key>
		<dict>
			<key>fileRef</key>
			<string>52ECA3951D305AD2001213EE</string>
			<key>isa</key>
			<string>PBXBuildFile</string>
		</dict>
		<key>52EF8E971D45C441000B32CB</key>
		<dict>
			<key>fileEncoding</key>
			<string>4</string>
			<key>isa</key>
			<string>PBXFileReference</string>
			<key>lastKnownFileType</key>
			<string>sourcecode.swift</string>
			<key>path</key>
			<string>AvatarViewController.swift</string>
			<key>sourceTree</key>
			<string>&lt;group&gt;</string>
		</dict>
		<key>52EF8E981D45C441000B32CB</key>
		<dict>
			<key>fileRef</key>
			<string>52EF8E971D45C441000B32CB</string>
			<key>isa</key>
			<string>PBXBuildFile</string>
		</dict>
		<key>57A97A9ADCAE9075EB0A6936</key>
		<dict>
			<key>buildActionMask</key>
			<string>2147483647</string>
			<key>files</key>
			<array/>
			<key>inputPaths</key>
			<array/>
			<key>isa</key>
			<string>PBXShellScriptBuildPhase</string>
			<key>name</key>
			<string>Copy Pods Resources</string>
			<key>outputPaths</key>
			<array/>
			<key>runOnlyForDeploymentPostprocessing</key>
			<string>0</string>
			<key>shellPath</key>
			<string>/bin/sh</string>
			<key>shellScript</key>
			<string>"${SRCROOT}/Pods/Target Support Files/Pods-CharadesAndPictionary/Pods-CharadesAndPictionary-resources.sh"
</string>
			<key>showEnvVarsInLog</key>
			<string>0</string>
		</dict>
		<key>792A965A86576AF65F8880A7</key>
		<dict>
			<key>buildActionMask</key>
			<string>2147483647</string>
			<key>files</key>
			<array/>
			<key>inputPaths</key>
			<array/>
			<key>isa</key>
			<string>PBXShellScriptBuildPhase</string>
			<key>name</key>
			<string>Embed Pods Frameworks</string>
			<key>outputPaths</key>
			<array/>
			<key>runOnlyForDeploymentPostprocessing</key>
			<string>0</string>
			<key>shellPath</key>
			<string>/bin/sh</string>
			<key>shellScript</key>
			<string>"${SRCROOT}/Pods/Target Support Files/Pods-CharadesAndPictionary/Pods-CharadesAndPictionary-frameworks.sh"
</string>
			<key>showEnvVarsInLog</key>
			<string>0</string>
		</dict>
		<key>95B1979C179291B41E0C4ED7</key>
		<dict>
			<key>children</key>
			<array>
				<string>9D8B19BF8DA0EE13E3E48C9E</string>
				<string>CE73A1424118CB920F4CBF94</string>
			</array>
			<key>isa</key>
			<string>PBXGroup</string>
			<key>name</key>
			<string>Pods</string>
			<key>sourceTree</key>
			<string>&lt;group&gt;</string>
		</dict>
		<key>9D8B19BF8DA0EE13E3E48C9E</key>
		<dict>
			<key>includeInIndex</key>
			<string>1</string>
			<key>isa</key>
			<string>PBXFileReference</string>
			<key>lastKnownFileType</key>
			<string>text.xcconfig</string>
			<key>name</key>
			<string>Pods-CharadesAndPictionary.debug.xcconfig</string>
			<key>path</key>
			<string>Pods/Target Support Files/Pods-CharadesAndPictionary/Pods-CharadesAndPictionary.debug.xcconfig</string>
			<key>sourceTree</key>
			<string>&lt;group&gt;</string>
		</dict>
		<key>BE869AAC0C28F41E5AB10E49</key>
		<dict>
			<key>explicitFileType</key>
			<string>wrapper.framework</string>
			<key>includeInIndex</key>
			<string>0</string>
			<key>isa</key>
			<string>PBXFileReference</string>
			<key>path</key>
			<string>Pods_CharadesAndPictionary.framework</string>
			<key>sourceTree</key>
			<string>BUILT_PRODUCTS_DIR</string>
		</dict>
		<key>CDC467CF952FE823358504AC</key>
		<dict>
			<key>buildActionMask</key>
			<string>2147483647</string>
			<key>files</key>
			<array/>
			<key>inputPaths</key>
			<array/>
			<key>isa</key>
			<string>PBXShellScriptBuildPhase</string>
			<key>name</key>
			<string>Check Pods Manifest.lock</string>
			<key>outputPaths</key>
			<array/>
			<key>runOnlyForDeploymentPostprocessing</key>
			<string>0</string>
			<key>shellPath</key>
			<string>/bin/sh</string>
			<key>shellScript</key>
			<string>diff "${PODS_ROOT}/../Podfile.lock" "${PODS_ROOT}/Manifest.lock" &gt; /dev/null
if [[ $? != 0 ]] ; then
    cat &lt;&lt; EOM
error: The sandbox is not in sync with the Podfile.lock. Run 'pod install' or update your CocoaPods installation.
EOM
    exit 1
fi
</string>
			<key>showEnvVarsInLog</key>
			<string>0</string>
		</dict>
		<key>CE73A1424118CB920F4CBF94</key>
		<dict>
			<key>includeInIndex</key>
			<string>1</string>
			<key>isa</key>
			<string>PBXFileReference</string>
			<key>lastKnownFileType</key>
			<string>text.xcconfig</string>
			<key>name</key>
			<string>Pods-CharadesAndPictionary.release.xcconfig</string>
			<key>path</key>
			<string>Pods/Target Support Files/Pods-CharadesAndPictionary/Pods-CharadesAndPictionary.release.xcconfig</string>
			<key>sourceTree</key>
			<string>&lt;group&gt;</string>
		</dict>
		<key>DD849579B6432DD4D2F9842D</key>
		<dict>
			<key>fileRef</key>
			<string>BE869AAC0C28F41E5AB10E49</string>
			<key>isa</key>
			<string>PBXBuildFile</string>
		</dict>
		<key>FC4913208531374A01C96B2D</key>
		<dict>
			<key>children</key>
			<array>
				<string>BE869AAC0C28F41E5AB10E49</string>
			</array>
			<key>isa</key>
			<string>PBXGroup</string>
			<key>name</key>
			<string>Frameworks</string>
			<key>sourceTree</key>
			<string>&lt;group&gt;</string>
		</dict>
	</dict>
	<key>rootObject</key>
	<string>520956A61D1B9F1D00FFDE3E</string>
</dict>
</plist>
